// !$*UTF8*$!
{
	archiveVersion = 1;
	classes = {
	};
	objectVersion = 46;
	objects = {

/* Begin PBXBuildFile section */
		0334F4512063E74A004C3C5E /* AlarmeModel.swift in Sources */ = {isa = PBXBuildFile; fileRef = 0334F4502063E74A004C3C5E /* AlarmeModel.swift */; };
		0334F4532063E77F004C3C5E /* AlarmeDAO.swift in Sources */ = {isa = PBXBuildFile; fileRef = 0334F4522063E77F004C3C5E /* AlarmeDAO.swift */; };
		036A4C8420697BF5005AD4F9 /* EtatViewController.swift in Sources */ = {isa = PBXBuildFile; fileRef = 036A4C8320697BF5005AD4F9 /* EtatViewController.swift */; };
		036A4C86206985C2005AD4F9 /* AjoutMedicamentTableViewCell.swift in Sources */ = {isa = PBXBuildFile; fileRef = 036A4C85206985C2005AD4F9 /* AjoutMedicamentTableViewCell.swift */; };
		036A4C88206A8012005AD4F9 /* TraitementViewController.swift in Sources */ = {isa = PBXBuildFile; fileRef = 036A4C87206A8012005AD4F9 /* TraitementViewController.swift */; };
		0385600320640EBA00493840 /* ActivitePerformanceTableViewCell.swift in Sources */ = {isa = PBXBuildFile; fileRef = 0385600220640EBA00493840 /* ActivitePerformanceTableViewCell.swift */; };
		0386C7FC20629016006454AB /* PkEtMoi.xcdatamodeld in Sources */ = {isa = PBXBuildFile; fileRef = 0386C7FA20629015006454AB /* PkEtMoi.xcdatamodeld */; };
		0386C7FE20629FAE006454AB /* rdvTableViewCell.swift in Sources */ = {isa = PBXBuildFile; fileRef = 0386C7FD20629FAE006454AB /* rdvTableViewCell.swift */; };
		03896B332068449800886232 /* SpecialiteDAO.swift in Sources */ = {isa = PBXBuildFile; fileRef = 03896B322068449800886232 /* SpecialiteDAO.swift */; };
		03896B35206844CC00886232 /* CoreDataSpecialiteDAO.swift in Sources */ = {isa = PBXBuildFile; fileRef = 03896B34206844CC00886232 /* CoreDataSpecialiteDAO.swift */; };
		03896B382068458300886232 /* SpecialiteModel.swift in Sources */ = {isa = PBXBuildFile; fileRef = 03896B372068458300886232 /* SpecialiteModel.swift */; };
		03896B3A2068465900886232 /* SpecialiteSet.swift in Sources */ = {isa = PBXBuildFile; fileRef = 03896B392068465900886232 /* SpecialiteSet.swift */; };
		03A0385D205FF59800EA9BDE /* ResumeViewController.swift in Sources */ = {isa = PBXBuildFile; fileRef = 03A0385C205FF59800EA9BDE /* ResumeViewController.swift */; };
		03A03861206001F900EA9BDE /* ResumeTableViewCell.swift in Sources */ = {isa = PBXBuildFile; fileRef = 03A03860206001F900EA9BDE /* ResumeTableViewCell.swift */; };
		03A038652060071D00EA9BDE /* DateHandler.swift in Sources */ = {isa = PBXBuildFile; fileRef = 03A038642060071D00EA9BDE /* DateHandler.swift */; };
		03A03867206014D300EA9BDE /* AbstractDAO.swift in Sources */ = {isa = PBXBuildFile; fileRef = 03A03866206014D300EA9BDE /* AbstractDAO.swift */; };
		03A03869206017AA00EA9BDE /* CoreDataDAO.swift in Sources */ = {isa = PBXBuildFile; fileRef = 03A03868206017AA00EA9BDE /* CoreDataDAO.swift */; };
		03A0386B2060198800EA9BDE /* MedicamentDAO.swift in Sources */ = {isa = PBXBuildFile; fileRef = 03A0386A2060198800EA9BDE /* MedicamentDAO.swift */; };
		03A0386F20601B0C00EA9BDE /* CoreDataMedicamentDAO.swift in Sources */ = {isa = PBXBuildFile; fileRef = 03A0386E20601B0C00EA9BDE /* CoreDataMedicamentDAO.swift */; };
		03AB95DB2062C5E800FFE431 /* AlarmeMedicamentDAO.swift in Sources */ = {isa = PBXBuildFile; fileRef = 03AB95DA2062C5E800FFE431 /* AlarmeMedicamentDAO.swift */; };
		03AB95DF2062DA5C00FFE431 /* MedicamentDetailTableViewCell.swift in Sources */ = {isa = PBXBuildFile; fileRef = 03AB95DE2062DA5C00FFE431 /* MedicamentDetailTableViewCell.swift */; };
		03AB95E12062DA6700FFE431 /* RdvDetailTableViewCell.swift in Sources */ = {isa = PBXBuildFile; fileRef = 03AB95E02062DA6700FFE431 /* RdvDetailTableViewCell.swift */; };
		03AB95E32062DA7F00FFE431 /* ActiviteDetailAlarmeTableViewCell.swift in Sources */ = {isa = PBXBuildFile; fileRef = 03AB95E22062DA7F00FFE431 /* ActiviteDetailAlarmeTableViewCell.swift */; };
		03AB95EB2062E8E200FFE431 /* NotificationCenter.swift in Sources */ = {isa = PBXBuildFile; fileRef = 03AB95EA2062E8E200FFE431 /* NotificationCenter.swift */; };
		03EA48AB20664F4D00E7ED17 /* SyntheseDAO.swift in Sources */ = {isa = PBXBuildFile; fileRef = 03EA48AA20664F4D00E7ED17 /* SyntheseDAO.swift */; };
		03EA48AD2066504400E7ED17 /* EtatModel.swift in Sources */ = {isa = PBXBuildFile; fileRef = 03EA48AC2066504400E7ED17 /* EtatModel.swift */; };
		03EA48AF2066505600E7ED17 /* EtatSet.swift in Sources */ = {isa = PBXBuildFile; fileRef = 03EA48AE2066505600E7ED17 /* EtatSet.swift */; };
		03EA48B1206650F500E7ED17 /* EtatDAO.swift in Sources */ = {isa = PBXBuildFile; fileRef = 03EA48B0206650F500E7ED17 /* EtatDAO.swift */; };
		03EA48B32066523400E7ED17 /* CoreDataEtatDAO.swift in Sources */ = {isa = PBXBuildFile; fileRef = 03EA48B22066523400E7ED17 /* CoreDataEtatDAO.swift */; };
		03EA48B52066524000E7ED17 /* CoreDataSyntheseDAO.swift in Sources */ = {isa = PBXBuildFile; fileRef = 03EA48B42066524000E7ED17 /* CoreDataSyntheseDAO.swift */; };
		03EA48B72066568B00E7ED17 /* SyntheseModel.swift in Sources */ = {isa = PBXBuildFile; fileRef = 03EA48B62066568B00E7ED17 /* SyntheseModel.swift */; };
		03EA48B920665AC300E7ED17 /* SyntheseViewController.swift in Sources */ = {isa = PBXBuildFile; fileRef = 03EA48B820665AC300E7ED17 /* SyntheseViewController.swift */; };
		03EA48BB20665B2200E7ED17 /* SyntheseTableViewCell.swift in Sources */ = {isa = PBXBuildFile; fileRef = 03EA48BA20665B2200E7ED17 /* SyntheseTableViewCell.swift */; };
		03EBFCF52063E94B0083433E /* CoreDataAlarmDAO.swift in Sources */ = {isa = PBXBuildFile; fileRef = 03EBFCF42063E94B0083433E /* CoreDataAlarmDAO.swift */; };
		03EBFCF72063E9F30083433E /* AlarmeSet.swift in Sources */ = {isa = PBXBuildFile; fileRef = 03EBFCF62063E9F30083433E /* AlarmeSet.swift */; };
		03F699D0206034790037904A /* MedicamentModel.swift in Sources */ = {isa = PBXBuildFile; fileRef = 03F699CF206034790037904A /* MedicamentModel.swift */; };
		03F699D2206034870037904A /* RdvModel.swift in Sources */ = {isa = PBXBuildFile; fileRef = 03F699D1206034870037904A /* RdvModel.swift */; };
		03F699D4206034F50037904A /* ActiviteModel.swift in Sources */ = {isa = PBXBuildFile; fileRef = 03F699D3206034F50037904A /* ActiviteModel.swift */; };
		03F699D62060393A0037904A /* DetailMedicamentViewController.swift in Sources */ = {isa = PBXBuildFile; fileRef = 03F699D52060393A0037904A /* DetailMedicamentViewController.swift */; };
		03F699D82060449F0037904A /* AlarmViewController.swift in Sources */ = {isa = PBXBuildFile; fileRef = 03F699D72060449F0037904A /* AlarmViewController.swift */; };
		03F699DA2060463A0037904A /* isAbleToReceiveData.swift in Sources */ = {isa = PBXBuildFile; fileRef = 03F699D92060463A0037904A /* isAbleToReceiveData.swift */; };
		03F699E020604C060037904A /* EventModel.swift in Sources */ = {isa = PBXBuildFile; fileRef = 03F699DF20604C060037904A /* EventModel.swift */; };
		03F699E2206054630037904A /* DetailRdvViewController.swift in Sources */ = {isa = PBXBuildFile; fileRef = 03F699E1206054630037904A /* DetailRdvViewController.swift */; };
		03F699E4206054790037904A /* DetailActiviteViewController.swift in Sources */ = {isa = PBXBuildFile; fileRef = 03F699E3206054790037904A /* DetailActiviteViewController.swift */; };
		03F8E1472061B3B2001FB8D5 /* MedicamentSet.swift in Sources */ = {isa = PBXBuildFile; fileRef = 03F8E1462061B3B2001FB8D5 /* MedicamentSet.swift */; };
		03F8E14B2061C422001FB8D5 /* MedicamentTableViewCell.swift in Sources */ = {isa = PBXBuildFile; fileRef = 03F8E14A2061C422001FB8D5 /* MedicamentTableViewCell.swift */; };
		03F8E14E2061CA34001FB8D5 /* RdvSet.swift in Sources */ = {isa = PBXBuildFile; fileRef = 03F8E14D2061CA34001FB8D5 /* RdvSet.swift */; };
		03F8E1502061CA40001FB8D5 /* ActiviteSet.swift in Sources */ = {isa = PBXBuildFile; fileRef = 03F8E14F2061CA40001FB8D5 /* ActiviteSet.swift */; };
		03F8E1522061CA58001FB8D5 /* EventSet.swift in Sources */ = {isa = PBXBuildFile; fileRef = 03F8E1512061CA58001FB8D5 /* EventSet.swift */; };
		03F8E1542061CAF9001FB8D5 /* ActiviteDAO.swift in Sources */ = {isa = PBXBuildFile; fileRef = 03F8E1532061CAF9001FB8D5 /* ActiviteDAO.swift */; };
		03F8E1562061CB06001FB8D5 /* RdvDAO.swift in Sources */ = {isa = PBXBuildFile; fileRef = 03F8E1552061CB06001FB8D5 /* RdvDAO.swift */; };
		03F8E1582061CB4E001FB8D5 /* CoreDataActiviteDAO.swift in Sources */ = {isa = PBXBuildFile; fileRef = 03F8E1572061CB4E001FB8D5 /* CoreDataActiviteDAO.swift */; };
		03F8E15A2061CB66001FB8D5 /* CoreDataRdvDAO.swift in Sources */ = {isa = PBXBuildFile; fileRef = 03F8E1592061CB66001FB8D5 /* CoreDataRdvDAO.swift */; };
		03F8E15E2061CFCA001FB8D5 /* ActiviteViewController.swift in Sources */ = {isa = PBXBuildFile; fileRef = 03F8E15D2061CFCA001FB8D5 /* ActiviteViewController.swift */; };
		03F8E1622061D19F001FB8D5 /* ActiviteTableViewCell.swift in Sources */ = {isa = PBXBuildFile; fileRef = 03F8E1612061D19F001FB8D5 /* ActiviteTableViewCell.swift */; };
		03FBF25620669A3700410D75 /* AncienSyntheseViewController.swift in Sources */ = {isa = PBXBuildFile; fileRef = 03FBF25520669A3700410D75 /* AncienSyntheseViewController.swift */; };
		03FBF25820669A8C00410D75 /* AncienSyntheseTableViewCell.swift in Sources */ = {isa = PBXBuildFile; fileRef = 03FBF25720669A8C00410D75 /* AncienSyntheseTableViewCell.swift */; };
		03FBF25A20669AF000410D75 /* SyntheseSet.swift in Sources */ = {isa = PBXBuildFile; fileRef = 03FBF25920669AF000410D75 /* SyntheseSet.swift */; };
		03FBF25C20669DCF00410D75 /* DetailSyntheseViewController.swift in Sources */ = {isa = PBXBuildFile; fileRef = 03FBF25B20669DCF00410D75 /* DetailSyntheseViewController.swift */; };
		03FBF25E20669F9700410D75 /* DetailSyntheseTableViewCell.swift in Sources */ = {isa = PBXBuildFile; fileRef = 03FBF25D20669F9700410D75 /* DetailSyntheseTableViewCell.swift */; };
		03FEE8E42068416D00DF61BA /* AjoutMedicamentViewController.swift in Sources */ = {isa = PBXBuildFile; fileRef = 03FEE8E32068416D00DF61BA /* AjoutMedicamentViewController.swift */; };
		03FEE8E62068417F00DF61BA /* AjoutRdvViewController.swift in Sources */ = {isa = PBXBuildFile; fileRef = 03FEE8E52068417F00DF61BA /* AjoutRdvViewController.swift */; };
		03FEE8E82068419500DF61BA /* AjoutActiviteViewController.swift in Sources */ = {isa = PBXBuildFile; fileRef = 03FEE8E72068419500DF61BA /* AjoutActiviteViewController.swift */; };
		1516873720612A7300BC451F /* DosesModel.swift in Sources */ = {isa = PBXBuildFile; fileRef = 1516873620612A7300BC451F /* DosesModel.swift */; };
		1598F27D20468D050076BD66 /* AppDelegate.swift in Sources */ = {isa = PBXBuildFile; fileRef = 1598F27C20468D050076BD66 /* AppDelegate.swift */; };
		1598F27F20468D050076BD66 /* ViewController.swift in Sources */ = {isa = PBXBuildFile; fileRef = 1598F27E20468D050076BD66 /* ViewController.swift */; };
		1598F28220468D050076BD66 /* Main.storyboard in Resources */ = {isa = PBXBuildFile; fileRef = 1598F28020468D050076BD66 /* Main.storyboard */; };
		1598F28720468D050076BD66 /* Assets.xcassets in Resources */ = {isa = PBXBuildFile; fileRef = 1598F28620468D050076BD66 /* Assets.xcassets */; };
		1598F28A20468D050076BD66 /* LaunchScreen.storyboard in Resources */ = {isa = PBXBuildFile; fileRef = 1598F28820468D050076BD66 /* LaunchScreen.storyboard */; };
		1598F29520468D060076BD66 /* PkEtMoiTests.swift in Sources */ = {isa = PBXBuildFile; fileRef = 1598F29420468D060076BD66 /* PkEtMoiTests.swift */; };
		1598F2A020468D060076BD66 /* PkEtMoiUITests.swift in Sources */ = {isa = PBXBuildFile; fileRef = 1598F29F20468D060076BD66 /* PkEtMoiUITests.swift */; };
		15B16D6B2064FFA300585D1C /* MedicamentViewController.swift in Sources */ = {isa = PBXBuildFile; fileRef = 15B16D6A2064FFA300585D1C /* MedicamentViewController.swift */; };
		15B16D6D2064FFB800585D1C /* RdvViewController.swift in Sources */ = {isa = PBXBuildFile; fileRef = 15B16D6C2064FFB800585D1C /* RdvViewController.swift */; };
/* End PBXBuildFile section */

/* Begin PBXContainerItemProxy section */
		1598F29120468D060076BD66 /* PBXContainerItemProxy */ = {
			isa = PBXContainerItemProxy;
			containerPortal = 1598F27120468D050076BD66 /* Project object */;
			proxyType = 1;
			remoteGlobalIDString = 1598F27820468D050076BD66;
			remoteInfo = PkEtMoi;
		};
		1598F29C20468D060076BD66 /* PBXContainerItemProxy */ = {
			isa = PBXContainerItemProxy;
			containerPortal = 1598F27120468D050076BD66 /* Project object */;
			proxyType = 1;
			remoteGlobalIDString = 1598F27820468D050076BD66;
			remoteInfo = PkEtMoi;
		};
/* End PBXContainerItemProxy section */

/* Begin PBXFileReference section */
		0334F4502063E74A004C3C5E /* AlarmeModel.swift */ = {isa = PBXFileReference; lastKnownFileType = sourcecode.swift; path = AlarmeModel.swift; sourceTree = "<group>"; };
		0334F4522063E77F004C3C5E /* AlarmeDAO.swift */ = {isa = PBXFileReference; lastKnownFileType = sourcecode.swift; path = AlarmeDAO.swift; sourceTree = "<group>"; };
		036A4C8320697BF5005AD4F9 /* EtatViewController.swift */ = {isa = PBXFileReference; lastKnownFileType = sourcecode.swift; path = EtatViewController.swift; sourceTree = "<group>"; };
		036A4C85206985C2005AD4F9 /* AjoutMedicamentTableViewCell.swift */ = {isa = PBXFileReference; lastKnownFileType = sourcecode.swift; path = AjoutMedicamentTableViewCell.swift; sourceTree = "<group>"; };
		036A4C87206A8012005AD4F9 /* TraitementViewController.swift */ = {isa = PBXFileReference; lastKnownFileType = sourcecode.swift; path = TraitementViewController.swift; sourceTree = "<group>"; };
		0385600220640EBA00493840 /* ActivitePerformanceTableViewCell.swift */ = {isa = PBXFileReference; lastKnownFileType = sourcecode.swift; path = ActivitePerformanceTableViewCell.swift; sourceTree = "<group>"; };
		0386C7FB20629015006454AB /* Model.xcdatamodel */ = {isa = PBXFileReference; lastKnownFileType = wrapper.xcdatamodel; path = Model.xcdatamodel; sourceTree = "<group>"; };
		0386C7FD20629FAE006454AB /* rdvTableViewCell.swift */ = {isa = PBXFileReference; lastKnownFileType = sourcecode.swift; path = rdvTableViewCell.swift; sourceTree = "<group>"; };
		03896B322068449800886232 /* SpecialiteDAO.swift */ = {isa = PBXFileReference; lastKnownFileType = sourcecode.swift; path = SpecialiteDAO.swift; sourceTree = "<group>"; };
		03896B34206844CC00886232 /* CoreDataSpecialiteDAO.swift */ = {isa = PBXFileReference; lastKnownFileType = sourcecode.swift; path = CoreDataSpecialiteDAO.swift; sourceTree = "<group>"; };
		03896B372068458300886232 /* SpecialiteModel.swift */ = {isa = PBXFileReference; lastKnownFileType = sourcecode.swift; path = SpecialiteModel.swift; sourceTree = "<group>"; };
		03896B392068465900886232 /* SpecialiteSet.swift */ = {isa = PBXFileReference; lastKnownFileType = sourcecode.swift; path = SpecialiteSet.swift; sourceTree = "<group>"; };
		03A0385C205FF59800EA9BDE /* ResumeViewController.swift */ = {isa = PBXFileReference; lastKnownFileType = sourcecode.swift; path = ResumeViewController.swift; sourceTree = "<group>"; };
		03A03860206001F900EA9BDE /* ResumeTableViewCell.swift */ = {isa = PBXFileReference; lastKnownFileType = sourcecode.swift; path = ResumeTableViewCell.swift; sourceTree = "<group>"; };
		03A038642060071D00EA9BDE /* DateHandler.swift */ = {isa = PBXFileReference; lastKnownFileType = sourcecode.swift; path = DateHandler.swift; sourceTree = "<group>"; };
		03A03866206014D300EA9BDE /* AbstractDAO.swift */ = {isa = PBXFileReference; lastKnownFileType = sourcecode.swift; path = AbstractDAO.swift; sourceTree = "<group>"; };
		03A03868206017AA00EA9BDE /* CoreDataDAO.swift */ = {isa = PBXFileReference; lastKnownFileType = sourcecode.swift; path = CoreDataDAO.swift; sourceTree = "<group>"; };
		03A0386A2060198800EA9BDE /* MedicamentDAO.swift */ = {isa = PBXFileReference; lastKnownFileType = sourcecode.swift; path = MedicamentDAO.swift; sourceTree = "<group>"; };
		03A0386E20601B0C00EA9BDE /* CoreDataMedicamentDAO.swift */ = {isa = PBXFileReference; lastKnownFileType = sourcecode.swift; path = CoreDataMedicamentDAO.swift; sourceTree = "<group>"; };
		03AB95DA2062C5E800FFE431 /* AlarmeMedicamentDAO.swift */ = {isa = PBXFileReference; lastKnownFileType = sourcecode.swift; path = AlarmeMedicamentDAO.swift; sourceTree = "<group>"; };
		03AB95DE2062DA5C00FFE431 /* MedicamentDetailTableViewCell.swift */ = {isa = PBXFileReference; lastKnownFileType = sourcecode.swift; path = MedicamentDetailTableViewCell.swift; sourceTree = "<group>"; };
		03AB95E02062DA6700FFE431 /* RdvDetailTableViewCell.swift */ = {isa = PBXFileReference; lastKnownFileType = sourcecode.swift; path = RdvDetailTableViewCell.swift; sourceTree = "<group>"; };
		03AB95E22062DA7F00FFE431 /* ActiviteDetailAlarmeTableViewCell.swift */ = {isa = PBXFileReference; lastKnownFileType = sourcecode.swift; path = ActiviteDetailAlarmeTableViewCell.swift; sourceTree = "<group>"; };
		03AB95EA2062E8E200FFE431 /* NotificationCenter.swift */ = {isa = PBXFileReference; lastKnownFileType = sourcecode.swift; path = NotificationCenter.swift; sourceTree = "<group>"; };
		03EA48AA20664F4D00E7ED17 /* SyntheseDAO.swift */ = {isa = PBXFileReference; lastKnownFileType = sourcecode.swift; path = SyntheseDAO.swift; sourceTree = "<group>"; };
		03EA48AC2066504400E7ED17 /* EtatModel.swift */ = {isa = PBXFileReference; lastKnownFileType = sourcecode.swift; path = EtatModel.swift; sourceTree = "<group>"; };
		03EA48AE2066505600E7ED17 /* EtatSet.swift */ = {isa = PBXFileReference; lastKnownFileType = sourcecode.swift; path = EtatSet.swift; sourceTree = "<group>"; };
		03EA48B0206650F500E7ED17 /* EtatDAO.swift */ = {isa = PBXFileReference; lastKnownFileType = sourcecode.swift; path = EtatDAO.swift; sourceTree = "<group>"; };
		03EA48B22066523400E7ED17 /* CoreDataEtatDAO.swift */ = {isa = PBXFileReference; lastKnownFileType = sourcecode.swift; path = CoreDataEtatDAO.swift; sourceTree = "<group>"; };
		03EA48B42066524000E7ED17 /* CoreDataSyntheseDAO.swift */ = {isa = PBXFileReference; lastKnownFileType = sourcecode.swift; path = CoreDataSyntheseDAO.swift; sourceTree = "<group>"; };
		03EA48B62066568B00E7ED17 /* SyntheseModel.swift */ = {isa = PBXFileReference; lastKnownFileType = sourcecode.swift; path = SyntheseModel.swift; sourceTree = "<group>"; };
		03EA48B820665AC300E7ED17 /* SyntheseViewController.swift */ = {isa = PBXFileReference; lastKnownFileType = sourcecode.swift; path = SyntheseViewController.swift; sourceTree = "<group>"; };
		03EA48BA20665B2200E7ED17 /* SyntheseTableViewCell.swift */ = {isa = PBXFileReference; lastKnownFileType = sourcecode.swift; path = SyntheseTableViewCell.swift; sourceTree = "<group>"; };
		03EBFCF42063E94B0083433E /* CoreDataAlarmDAO.swift */ = {isa = PBXFileReference; lastKnownFileType = sourcecode.swift; path = CoreDataAlarmDAO.swift; sourceTree = "<group>"; };
		03EBFCF62063E9F30083433E /* AlarmeSet.swift */ = {isa = PBXFileReference; lastKnownFileType = sourcecode.swift; path = AlarmeSet.swift; sourceTree = "<group>"; };
		03F699CF206034790037904A /* MedicamentModel.swift */ = {isa = PBXFileReference; lastKnownFileType = sourcecode.swift; path = MedicamentModel.swift; sourceTree = "<group>"; };
		03F699D1206034870037904A /* RdvModel.swift */ = {isa = PBXFileReference; lastKnownFileType = sourcecode.swift; path = RdvModel.swift; sourceTree = "<group>"; };
		03F699D3206034F50037904A /* ActiviteModel.swift */ = {isa = PBXFileReference; lastKnownFileType = sourcecode.swift; path = ActiviteModel.swift; sourceTree = "<group>"; };
		03F699D52060393A0037904A /* DetailMedicamentViewController.swift */ = {isa = PBXFileReference; lastKnownFileType = sourcecode.swift; path = DetailMedicamentViewController.swift; sourceTree = "<group>"; };
		03F699D72060449F0037904A /* AlarmViewController.swift */ = {isa = PBXFileReference; lastKnownFileType = sourcecode.swift; path = AlarmViewController.swift; sourceTree = "<group>"; };
		03F699D92060463A0037904A /* isAbleToReceiveData.swift */ = {isa = PBXFileReference; lastKnownFileType = sourcecode.swift; path = isAbleToReceiveData.swift; sourceTree = "<group>"; };
		03F699DF20604C060037904A /* EventModel.swift */ = {isa = PBXFileReference; lastKnownFileType = sourcecode.swift; path = EventModel.swift; sourceTree = "<group>"; };
		03F699E1206054630037904A /* DetailRdvViewController.swift */ = {isa = PBXFileReference; lastKnownFileType = sourcecode.swift; path = DetailRdvViewController.swift; sourceTree = "<group>"; };
		03F699E3206054790037904A /* DetailActiviteViewController.swift */ = {isa = PBXFileReference; lastKnownFileType = sourcecode.swift; path = DetailActiviteViewController.swift; sourceTree = "<group>"; };
		03F8E1462061B3B2001FB8D5 /* MedicamentSet.swift */ = {isa = PBXFileReference; lastKnownFileType = sourcecode.swift; path = MedicamentSet.swift; sourceTree = "<group>"; };
		03F8E14A2061C422001FB8D5 /* MedicamentTableViewCell.swift */ = {isa = PBXFileReference; lastKnownFileType = sourcecode.swift; path = MedicamentTableViewCell.swift; sourceTree = "<group>"; };
		03F8E14D2061CA34001FB8D5 /* RdvSet.swift */ = {isa = PBXFileReference; lastKnownFileType = sourcecode.swift; path = RdvSet.swift; sourceTree = "<group>"; };
		03F8E14F2061CA40001FB8D5 /* ActiviteSet.swift */ = {isa = PBXFileReference; lastKnownFileType = sourcecode.swift; path = ActiviteSet.swift; sourceTree = "<group>"; };
		03F8E1512061CA58001FB8D5 /* EventSet.swift */ = {isa = PBXFileReference; lastKnownFileType = sourcecode.swift; path = EventSet.swift; sourceTree = "<group>"; };
		03F8E1532061CAF9001FB8D5 /* ActiviteDAO.swift */ = {isa = PBXFileReference; lastKnownFileType = sourcecode.swift; path = ActiviteDAO.swift; sourceTree = "<group>"; };
		03F8E1552061CB06001FB8D5 /* RdvDAO.swift */ = {isa = PBXFileReference; lastKnownFileType = sourcecode.swift; path = RdvDAO.swift; sourceTree = "<group>"; };
		03F8E1572061CB4E001FB8D5 /* CoreDataActiviteDAO.swift */ = {isa = PBXFileReference; lastKnownFileType = sourcecode.swift; path = CoreDataActiviteDAO.swift; sourceTree = "<group>"; };
		03F8E1592061CB66001FB8D5 /* CoreDataRdvDAO.swift */ = {isa = PBXFileReference; lastKnownFileType = sourcecode.swift; path = CoreDataRdvDAO.swift; sourceTree = "<group>"; };
		03F8E15D2061CFCA001FB8D5 /* ActiviteViewController.swift */ = {isa = PBXFileReference; lastKnownFileType = sourcecode.swift; path = ActiviteViewController.swift; sourceTree = "<group>"; };
		03F8E1612061D19F001FB8D5 /* ActiviteTableViewCell.swift */ = {isa = PBXFileReference; lastKnownFileType = sourcecode.swift; path = ActiviteTableViewCell.swift; sourceTree = "<group>"; };
		03FBF25520669A3700410D75 /* AncienSyntheseViewController.swift */ = {isa = PBXFileReference; lastKnownFileType = sourcecode.swift; path = AncienSyntheseViewController.swift; sourceTree = "<group>"; };
		03FBF25720669A8C00410D75 /* AncienSyntheseTableViewCell.swift */ = {isa = PBXFileReference; lastKnownFileType = sourcecode.swift; path = AncienSyntheseTableViewCell.swift; sourceTree = "<group>"; };
		03FBF25920669AF000410D75 /* SyntheseSet.swift */ = {isa = PBXFileReference; lastKnownFileType = sourcecode.swift; path = SyntheseSet.swift; sourceTree = "<group>"; };
		03FBF25B20669DCF00410D75 /* DetailSyntheseViewController.swift */ = {isa = PBXFileReference; lastKnownFileType = sourcecode.swift; path = DetailSyntheseViewController.swift; sourceTree = "<group>"; };
		03FBF25D20669F9700410D75 /* DetailSyntheseTableViewCell.swift */ = {isa = PBXFileReference; lastKnownFileType = sourcecode.swift; path = DetailSyntheseTableViewCell.swift; sourceTree = "<group>"; };
		03FEE8E32068416D00DF61BA /* AjoutMedicamentViewController.swift */ = {isa = PBXFileReference; lastKnownFileType = sourcecode.swift; path = AjoutMedicamentViewController.swift; sourceTree = "<group>"; };
		03FEE8E52068417F00DF61BA /* AjoutRdvViewController.swift */ = {isa = PBXFileReference; lastKnownFileType = sourcecode.swift; path = AjoutRdvViewController.swift; sourceTree = "<group>"; };
		03FEE8E72068419500DF61BA /* AjoutActiviteViewController.swift */ = {isa = PBXFileReference; lastKnownFileType = sourcecode.swift; path = AjoutActiviteViewController.swift; sourceTree = "<group>"; };
		1516873620612A7300BC451F /* DosesModel.swift */ = {isa = PBXFileReference; fileEncoding = 4; lastKnownFileType = sourcecode.swift; path = DosesModel.swift; sourceTree = "<group>"; };
		1598F27920468D050076BD66 /* PkEtMoi.app */ = {isa = PBXFileReference; explicitFileType = wrapper.application; includeInIndex = 0; path = PkEtMoi.app; sourceTree = BUILT_PRODUCTS_DIR; };
		1598F27C20468D050076BD66 /* AppDelegate.swift */ = {isa = PBXFileReference; lastKnownFileType = sourcecode.swift; path = AppDelegate.swift; sourceTree = "<group>"; };
		1598F27E20468D050076BD66 /* ViewController.swift */ = {isa = PBXFileReference; lastKnownFileType = sourcecode.swift; path = ViewController.swift; sourceTree = "<group>"; };
		1598F28120468D050076BD66 /* Base */ = {isa = PBXFileReference; lastKnownFileType = file.storyboard; name = Base; path = Base.lproj/Main.storyboard; sourceTree = "<group>"; };
		1598F28620468D050076BD66 /* Assets.xcassets */ = {isa = PBXFileReference; lastKnownFileType = folder.assetcatalog; path = Assets.xcassets; sourceTree = "<group>"; };
		1598F28920468D050076BD66 /* Base */ = {isa = PBXFileReference; lastKnownFileType = file.storyboard; name = Base; path = Base.lproj/LaunchScreen.storyboard; sourceTree = "<group>"; };
		1598F28B20468D050076BD66 /* Info.plist */ = {isa = PBXFileReference; lastKnownFileType = text.plist.xml; path = Info.plist; sourceTree = "<group>"; };
		1598F29020468D060076BD66 /* PkEtMoiTests.xctest */ = {isa = PBXFileReference; explicitFileType = wrapper.cfbundle; includeInIndex = 0; path = PkEtMoiTests.xctest; sourceTree = BUILT_PRODUCTS_DIR; };
		1598F29420468D060076BD66 /* PkEtMoiTests.swift */ = {isa = PBXFileReference; lastKnownFileType = sourcecode.swift; path = PkEtMoiTests.swift; sourceTree = "<group>"; };
		1598F29620468D060076BD66 /* Info.plist */ = {isa = PBXFileReference; lastKnownFileType = text.plist.xml; path = Info.plist; sourceTree = "<group>"; };
		1598F29B20468D060076BD66 /* PkEtMoiUITests.xctest */ = {isa = PBXFileReference; explicitFileType = wrapper.cfbundle; includeInIndex = 0; path = PkEtMoiUITests.xctest; sourceTree = BUILT_PRODUCTS_DIR; };
		1598F29F20468D060076BD66 /* PkEtMoiUITests.swift */ = {isa = PBXFileReference; lastKnownFileType = sourcecode.swift; path = PkEtMoiUITests.swift; sourceTree = "<group>"; };
		1598F2A120468D060076BD66 /* Info.plist */ = {isa = PBXFileReference; lastKnownFileType = text.plist.xml; path = Info.plist; sourceTree = "<group>"; };
		15B16D6A2064FFA300585D1C /* MedicamentViewController.swift */ = {isa = PBXFileReference; fileEncoding = 4; lastKnownFileType = sourcecode.swift; path = MedicamentViewController.swift; sourceTree = "<group>"; };
		15B16D6C2064FFB800585D1C /* RdvViewController.swift */ = {isa = PBXFileReference; fileEncoding = 4; lastKnownFileType = sourcecode.swift; path = RdvViewController.swift; sourceTree = "<group>"; };
		38F36E57205920D600854EB7 /* PkEtMoi-Bridging-Header.h */ = {isa = PBXFileReference; lastKnownFileType = sourcecode.c.h; path = "PkEtMoi-Bridging-Header.h"; sourceTree = "<group>"; };
/* End PBXFileReference section */

/* Begin PBXFrameworksBuildPhase section */
		1598F27620468D050076BD66 /* Frameworks */ = {
			isa = PBXFrameworksBuildPhase;
			buildActionMask = 2147483647;
			files = (
			);
			runOnlyForDeploymentPostprocessing = 0;
		};
		1598F28D20468D060076BD66 /* Frameworks */ = {
			isa = PBXFrameworksBuildPhase;
			buildActionMask = 2147483647;
			files = (
			);
			runOnlyForDeploymentPostprocessing = 0;
		};
		1598F29820468D060076BD66 /* Frameworks */ = {
			isa = PBXFrameworksBuildPhase;
			buildActionMask = 2147483647;
			files = (
			);
			runOnlyForDeploymentPostprocessing = 0;
		};
/* End PBXFrameworksBuildPhase section */

/* Begin PBXGroup section */
		036A4C89206A9199005AD4F9 /* Synthese */ = {
			isa = PBXGroup;
			children = (
				03EA48BA20665B2200E7ED17 /* SyntheseTableViewCell.swift */,
				03FBF25720669A8C00410D75 /* AncienSyntheseTableViewCell.swift */,
				03FBF25D20669F9700410D75 /* DetailSyntheseTableViewCell.swift */,
			);
			path = Synthese;
			sourceTree = "<group>";
		};
		036A4C8A206A91DA005AD4F9 /* Synthese */ = {
			isa = PBXGroup;
			children = (
				03EA48B820665AC300E7ED17 /* SyntheseViewController.swift */,
				03FBF25520669A3700410D75 /* AncienSyntheseViewController.swift */,
				03FBF25B20669DCF00410D75 /* DetailSyntheseViewController.swift */,
			);
			path = Synthese;
			sourceTree = "<group>";
		};
		036A4C8B206A91FA005AD4F9 /* Helper */ = {
			isa = PBXGroup;
			children = (
				03AB95EA2062E8E200FFE431 /* NotificationCenter.swift */,
				03A038642060071D00EA9BDE /* DateHandler.swift */,
			);
			path = Helper;
			sourceTree = "<group>";
		};
		03A0384B205FF3B900EA9BDE /* Controller */ = {
			isa = PBXGroup;
			children = (
				036A4C8A206A91DA005AD4F9 /* Synthese */,
				03FEE8E9206841B700DF61BA /* Ajout */,
				03AB95DC2062D6C200FFE431 /* Details */,
				03A0385C205FF59800EA9BDE /* ResumeViewController.swift */,
				03F699D72060449F0037904A /* AlarmViewController.swift */,
				03F699D92060463A0037904A /* isAbleToReceiveData.swift */,
				03F8E15D2061CFCA001FB8D5 /* ActiviteViewController.swift */,
				15B16D6A2064FFA300585D1C /* MedicamentViewController.swift */,
				15B16D6C2064FFB800585D1C /* RdvViewController.swift */,
				036A4C8320697BF5005AD4F9 /* EtatViewController.swift */,
				036A4C87206A8012005AD4F9 /* TraitementViewController.swift */,
			);
			path = Controller;
			sourceTree = "<group>";
		};
		03A0384C205FF3D400EA9BDE /* View */ = {
			isa = PBXGroup;
			children = (
				03AB95DD2062DA2800FFE431 /* TableViewCell */,
				1598F27E20468D050076BD66 /* ViewController.swift */,
			);
			path = View;
			sourceTree = "<group>";
		};
		03A0384D205FF3DF00EA9BDE /* Model */ = {
			isa = PBXGroup;
			children = (
				03F8E14C2061CA20001FB8D5 /* Sets */,
				03F699CF206034790037904A /* MedicamentModel.swift */,
				03EA48AC2066504400E7ED17 /* EtatModel.swift */,
				0334F4502063E74A004C3C5E /* AlarmeModel.swift */,
				03F699D1206034870037904A /* RdvModel.swift */,
				03F699D3206034F50037904A /* ActiviteModel.swift */,
				03F699DF20604C060037904A /* EventModel.swift */,
				1516873620612A7300BC451F /* DosesModel.swift */,
				03EA48B62066568B00E7ED17 /* SyntheseModel.swift */,
				03896B372068458300886232 /* SpecialiteModel.swift */,
			);
			path = Model;
			sourceTree = "<group>";
		};
		03AB95DC2062D6C200FFE431 /* Details */ = {
			isa = PBXGroup;
			children = (
				03F699D52060393A0037904A /* DetailMedicamentViewController.swift */,
				03F699E1206054630037904A /* DetailRdvViewController.swift */,
				03F699E3206054790037904A /* DetailActiviteViewController.swift */,
			);
			path = Details;
			sourceTree = "<group>";
		};
		03AB95DD2062DA2800FFE431 /* TableViewCell */ = {
			isa = PBXGroup;
			children = (
				036A4C89206A9199005AD4F9 /* Synthese */,
				03EBFCF8206400B20083433E /* Detail */,
				03A03860206001F900EA9BDE /* ResumeTableViewCell.swift */,
				0386C7FD20629FAE006454AB /* rdvTableViewCell.swift */,
				03F8E14A2061C422001FB8D5 /* MedicamentTableViewCell.swift */,
				03F8E1612061D19F001FB8D5 /* ActiviteTableViewCell.swift */,
				036A4C85206985C2005AD4F9 /* AjoutMedicamentTableViewCell.swift */,
			);
			path = TableViewCell;
			sourceTree = "<group>";
		};
		03EBFCF8206400B20083433E /* Detail */ = {
			isa = PBXGroup;
			children = (
				03AB95DE2062DA5C00FFE431 /* MedicamentDetailTableViewCell.swift */,
				03AB95E02062DA6700FFE431 /* RdvDetailTableViewCell.swift */,
				03AB95E22062DA7F00FFE431 /* ActiviteDetailAlarmeTableViewCell.swift */,
				0385600220640EBA00493840 /* ActivitePerformanceTableViewCell.swift */,
			);
			path = Detail;
			sourceTree = "<group>";
		};
		03F699CB206033950037904A /* DAO */ = {
			isa = PBXGroup;
			children = (
				03F699CE206033DC0037904A /* CoreData */,
				03F699CC206033C90037904A /* AbstractDAO */,
				03A03866206014D300EA9BDE /* AbstractDAO.swift */,
			);
			path = DAO;
			sourceTree = "<group>";
		};
		03F699CC206033C90037904A /* AbstractDAO */ = {
			isa = PBXGroup;
			children = (
				03A0386A2060198800EA9BDE /* MedicamentDAO.swift */,
				03F8E1532061CAF9001FB8D5 /* ActiviteDAO.swift */,
				03F8E1552061CB06001FB8D5 /* RdvDAO.swift */,
				03AB95DA2062C5E800FFE431 /* AlarmeMedicamentDAO.swift */,
				0334F4522063E77F004C3C5E /* AlarmeDAO.swift */,
				03EA48AA20664F4D00E7ED17 /* SyntheseDAO.swift */,
				03EA48B0206650F500E7ED17 /* EtatDAO.swift */,
				03896B322068449800886232 /* SpecialiteDAO.swift */,
			);
			path = AbstractDAO;
			sourceTree = "<group>";
		};
		03F699CE206033DC0037904A /* CoreData */ = {
			isa = PBXGroup;
			children = (
				03A03868206017AA00EA9BDE /* CoreDataDAO.swift */,
				03A0386E20601B0C00EA9BDE /* CoreDataMedicamentDAO.swift */,
				03F8E1572061CB4E001FB8D5 /* CoreDataActiviteDAO.swift */,
				03F8E1592061CB66001FB8D5 /* CoreDataRdvDAO.swift */,
				03EBFCF42063E94B0083433E /* CoreDataAlarmDAO.swift */,
				03EA48B22066523400E7ED17 /* CoreDataEtatDAO.swift */,
				03EA48B42066524000E7ED17 /* CoreDataSyntheseDAO.swift */,
				03896B34206844CC00886232 /* CoreDataSpecialiteDAO.swift */,
			);
			path = CoreData;
			sourceTree = "<group>";
		};
		03F8E14C2061CA20001FB8D5 /* Sets */ = {
			isa = PBXGroup;
			children = (
				03F8E1462061B3B2001FB8D5 /* MedicamentSet.swift */,
				03F8E14D2061CA34001FB8D5 /* RdvSet.swift */,
				03F8E14F2061CA40001FB8D5 /* ActiviteSet.swift */,
				03F8E1512061CA58001FB8D5 /* EventSet.swift */,
				03EBFCF62063E9F30083433E /* AlarmeSet.swift */,
				03EA48AE2066505600E7ED17 /* EtatSet.swift */,
				03FBF25920669AF000410D75 /* SyntheseSet.swift */,
				03896B392068465900886232 /* SpecialiteSet.swift */,
			);
			path = Sets;
			sourceTree = "<group>";
		};
		03FEE8E9206841B700DF61BA /* Ajout */ = {
			isa = PBXGroup;
			children = (
				03FEE8E32068416D00DF61BA /* AjoutMedicamentViewController.swift */,
				03FEE8E52068417F00DF61BA /* AjoutRdvViewController.swift */,
				03FEE8E72068419500DF61BA /* AjoutActiviteViewController.swift */,
			);
			path = Ajout;
			sourceTree = "<group>";
		};
		1598F27020468D050076BD66 = {
			isa = PBXGroup;
			children = (
				1598F27B20468D050076BD66 /* PkEtMoi */,
				1598F29320468D060076BD66 /* PkEtMoiTests */,
				1598F29E20468D060076BD66 /* PkEtMoiUITests */,
				1598F27A20468D050076BD66 /* Products */,
			);
			sourceTree = "<group>";
		};
		1598F27A20468D050076BD66 /* Products */ = {
			isa = PBXGroup;
			children = (
				1598F27920468D050076BD66 /* PkEtMoi.app */,
				1598F29020468D060076BD66 /* PkEtMoiTests.xctest */,
				1598F29B20468D060076BD66 /* PkEtMoiUITests.xctest */,
			);
			name = Products;
			sourceTree = "<group>";
		};
		1598F27B20468D050076BD66 /* PkEtMoi */ = {
			isa = PBXGroup;
			children = (
				036A4C8B206A91FA005AD4F9 /* Helper */,
				03F699CB206033950037904A /* DAO */,
				03A0384D205FF3DF00EA9BDE /* Model */,
				03A0384C205FF3D400EA9BDE /* View */,
				03A0384B205FF3B900EA9BDE /* Controller */,
				1598F27C20468D050076BD66 /* AppDelegate.swift */,
				1598F28020468D050076BD66 /* Main.storyboard */,
				1598F28620468D050076BD66 /* Assets.xcassets */,
				1598F28820468D050076BD66 /* LaunchScreen.storyboard */,
				1598F28B20468D050076BD66 /* Info.plist */,
				0386C7FA20629015006454AB /* PkEtMoi.xcdatamodeld */,
				38F36E57205920D600854EB7 /* PkEtMoi-Bridging-Header.h */,
			);
			path = PkEtMoi;
			sourceTree = "<group>";
		};
		1598F29320468D060076BD66 /* PkEtMoiTests */ = {
			isa = PBXGroup;
			children = (
				1598F29420468D060076BD66 /* PkEtMoiTests.swift */,
				1598F29620468D060076BD66 /* Info.plist */,
			);
			path = PkEtMoiTests;
			sourceTree = "<group>";
		};
		1598F29E20468D060076BD66 /* PkEtMoiUITests */ = {
			isa = PBXGroup;
			children = (
				1598F29F20468D060076BD66 /* PkEtMoiUITests.swift */,
				1598F2A120468D060076BD66 /* Info.plist */,
			);
			path = PkEtMoiUITests;
			sourceTree = "<group>";
		};
/* End PBXGroup section */

/* Begin PBXNativeTarget section */
		1598F27820468D050076BD66 /* PkEtMoi */ = {
			isa = PBXNativeTarget;
			buildConfigurationList = 1598F2A420468D060076BD66 /* Build configuration list for PBXNativeTarget "PkEtMoi" */;
			buildPhases = (
				1598F27520468D050076BD66 /* Sources */,
				1598F27620468D050076BD66 /* Frameworks */,
				1598F27720468D050076BD66 /* Resources */,
			);
			buildRules = (
			);
			dependencies = (
			);
			name = PkEtMoi;
			productName = PkEtMoi;
			productReference = 1598F27920468D050076BD66 /* PkEtMoi.app */;
			productType = "com.apple.product-type.application";
		};
		1598F28F20468D060076BD66 /* PkEtMoiTests */ = {
			isa = PBXNativeTarget;
			buildConfigurationList = 1598F2A720468D060076BD66 /* Build configuration list for PBXNativeTarget "PkEtMoiTests" */;
			buildPhases = (
				1598F28C20468D060076BD66 /* Sources */,
				1598F28D20468D060076BD66 /* Frameworks */,
				1598F28E20468D060076BD66 /* Resources */,
			);
			buildRules = (
			);
			dependencies = (
				1598F29220468D060076BD66 /* PBXTargetDependency */,
			);
			name = PkEtMoiTests;
			productName = PkEtMoiTests;
			productReference = 1598F29020468D060076BD66 /* PkEtMoiTests.xctest */;
			productType = "com.apple.product-type.bundle.unit-test";
		};
		1598F29A20468D060076BD66 /* PkEtMoiUITests */ = {
			isa = PBXNativeTarget;
			buildConfigurationList = 1598F2AA20468D060076BD66 /* Build configuration list for PBXNativeTarget "PkEtMoiUITests" */;
			buildPhases = (
				1598F29720468D060076BD66 /* Sources */,
				1598F29820468D060076BD66 /* Frameworks */,
				1598F29920468D060076BD66 /* Resources */,
			);
			buildRules = (
			);
			dependencies = (
				1598F29D20468D060076BD66 /* PBXTargetDependency */,
			);
			name = PkEtMoiUITests;
			productName = PkEtMoiUITests;
			productReference = 1598F29B20468D060076BD66 /* PkEtMoiUITests.xctest */;
			productType = "com.apple.product-type.bundle.ui-testing";
		};
/* End PBXNativeTarget section */

/* Begin PBXProject section */
		1598F27120468D050076BD66 /* Project object */ = {
			isa = PBXProject;
			attributes = {
				LastSwiftUpdateCheck = 0830;
				LastUpgradeCheck = 0920;
				ORGANIZATIONNAME = "Kevin GIORDANI";
				TargetAttributes = {
					1598F27820468D050076BD66 = {
						CreatedOnToolsVersion = 8.3.3;
						LastSwiftMigration = 0920;
						ProvisioningStyle = Automatic;
					};
					1598F28F20468D060076BD66 = {
						CreatedOnToolsVersion = 8.3.3;
						LastSwiftMigration = 0920;
						ProvisioningStyle = Automatic;
						TestTargetID = 1598F27820468D050076BD66;
					};
					1598F29A20468D060076BD66 = {
						CreatedOnToolsVersion = 8.3.3;
						LastSwiftMigration = 0920;
						ProvisioningStyle = Automatic;
						TestTargetID = 1598F27820468D050076BD66;
					};
				};
			};
			buildConfigurationList = 1598F27420468D050076BD66 /* Build configuration list for PBXProject "PkEtMoi" */;
			compatibilityVersion = "Xcode 3.2";
			developmentRegion = English;
			hasScannedForEncodings = 0;
			knownRegions = (
				en,
				Base,
			);
			mainGroup = 1598F27020468D050076BD66;
			productRefGroup = 1598F27A20468D050076BD66 /* Products */;
			projectDirPath = "";
			projectRoot = "";
			targets = (
				1598F27820468D050076BD66 /* PkEtMoi */,
				1598F28F20468D060076BD66 /* PkEtMoiTests */,
				1598F29A20468D060076BD66 /* PkEtMoiUITests */,
			);
		};
/* End PBXProject section */

/* Begin PBXResourcesBuildPhase section */
		1598F27720468D050076BD66 /* Resources */ = {
			isa = PBXResourcesBuildPhase;
			buildActionMask = 2147483647;
			files = (
				1598F28A20468D050076BD66 /* LaunchScreen.storyboard in Resources */,
				1598F28720468D050076BD66 /* Assets.xcassets in Resources */,
				1598F28220468D050076BD66 /* Main.storyboard in Resources */,
			);
			runOnlyForDeploymentPostprocessing = 0;
		};
		1598F28E20468D060076BD66 /* Resources */ = {
			isa = PBXResourcesBuildPhase;
			buildActionMask = 2147483647;
			files = (
			);
			runOnlyForDeploymentPostprocessing = 0;
		};
		1598F29920468D060076BD66 /* Resources */ = {
			isa = PBXResourcesBuildPhase;
			buildActionMask = 2147483647;
			files = (
			);
			runOnlyForDeploymentPostprocessing = 0;
		};
/* End PBXResourcesBuildPhase section */

/* Begin PBXSourcesBuildPhase section */
		1598F27520468D050076BD66 /* Sources */ = {
			isa = PBXSourcesBuildPhase;
			buildActionMask = 2147483647;
			files = (
				03FBF25A20669AF000410D75 /* SyntheseSet.swift in Sources */,
				03EBFCF72063E9F30083433E /* AlarmeSet.swift in Sources */,
				03AB95DF2062DA5C00FFE431 /* MedicamentDetailTableViewCell.swift in Sources */,
				1598F27F20468D050076BD66 /* ViewController.swift in Sources */,
				03FEE8E62068417F00DF61BA /* AjoutRdvViewController.swift in Sources */,
				03F699D82060449F0037904A /* AlarmViewController.swift in Sources */,
				03EBFCF52063E94B0083433E /* CoreDataAlarmDAO.swift in Sources */,
				0386C7FC20629016006454AB /* PkEtMoi.xcdatamodeld in Sources */,
				03AB95EB2062E8E200FFE431 /* NotificationCenter.swift in Sources */,
				03FBF25820669A8C00410D75 /* AncienSyntheseTableViewCell.swift in Sources */,
				03F699D0206034790037904A /* MedicamentModel.swift in Sources */,
				036A4C8420697BF5005AD4F9 /* EtatViewController.swift in Sources */,
				03A03861206001F900EA9BDE /* ResumeTableViewCell.swift in Sources */,
				036A4C86206985C2005AD4F9 /* AjoutMedicamentTableViewCell.swift in Sources */,
				03F8E14E2061CA34001FB8D5 /* RdvSet.swift in Sources */,
				15B16D6D2064FFB800585D1C /* RdvViewController.swift in Sources */,
				036A4C88206A8012005AD4F9 /* TraitementViewController.swift in Sources */,
				03EA48B52066524000E7ED17 /* CoreDataSyntheseDAO.swift in Sources */,
				03896B35206844CC00886232 /* CoreDataSpecialiteDAO.swift in Sources */,
				0385600320640EBA00493840 /* ActivitePerformanceTableViewCell.swift in Sources */,
				03A0385D205FF59800EA9BDE /* ResumeViewController.swift in Sources */,
				03A03867206014D300EA9BDE /* AbstractDAO.swift in Sources */,
				03A0386F20601B0C00EA9BDE /* CoreDataMedicamentDAO.swift in Sources */,
				03EA48AD2066504400E7ED17 /* EtatModel.swift in Sources */,
				03EA48B920665AC300E7ED17 /* SyntheseViewController.swift in Sources */,
				03F699E4206054790037904A /* DetailActiviteViewController.swift in Sources */,
				03EA48BB20665B2200E7ED17 /* SyntheseTableViewCell.swift in Sources */,
				03EA48B1206650F500E7ED17 /* EtatDAO.swift in Sources */,
				03F8E1622061D19F001FB8D5 /* ActiviteTableViewCell.swift in Sources */,
				0334F4532063E77F004C3C5E /* AlarmeDAO.swift in Sources */,
				03AB95E12062DA6700FFE431 /* RdvDetailTableViewCell.swift in Sources */,
				15B16D6B2064FFA300585D1C /* MedicamentViewController.swift in Sources */,
				03F699D62060393A0037904A /* DetailMedicamentViewController.swift in Sources */,
				03896B3A2068465900886232 /* SpecialiteSet.swift in Sources */,
				03A03869206017AA00EA9BDE /* CoreDataDAO.swift in Sources */,
				03F8E1542061CAF9001FB8D5 /* ActiviteDAO.swift in Sources */,
				0386C7FE20629FAE006454AB /* rdvTableViewCell.swift in Sources */,
				1516873720612A7300BC451F /* DosesModel.swift in Sources */,
				03F8E15E2061CFCA001FB8D5 /* ActiviteViewController.swift in Sources */,
				03FBF25C20669DCF00410D75 /* DetailSyntheseViewController.swift in Sources */,
				03FEE8E42068416D00DF61BA /* AjoutMedicamentViewController.swift in Sources */,
				03EA48B32066523400E7ED17 /* CoreDataEtatDAO.swift in Sources */,
				0334F4512063E74A004C3C5E /* AlarmeModel.swift in Sources */,
				03FEE8E82068419500DF61BA /* AjoutActiviteViewController.swift in Sources */,
				03F699E2206054630037904A /* DetailRdvViewController.swift in Sources */,
				03A038652060071D00EA9BDE /* DateHandler.swift in Sources */,
				03F8E1562061CB06001FB8D5 /* RdvDAO.swift in Sources */,
				03AB95DB2062C5E800FFE431 /* AlarmeMedicamentDAO.swift in Sources */,
				03F699E020604C060037904A /* EventModel.swift in Sources */,
				03896B382068458300886232 /* SpecialiteModel.swift in Sources */,
				03EA48AF2066505600E7ED17 /* EtatSet.swift in Sources */,
				1598F27D20468D050076BD66 /* AppDelegate.swift in Sources */,
				03EA48B72066568B00E7ED17 /* SyntheseModel.swift in Sources */,
				03AB95E32062DA7F00FFE431 /* ActiviteDetailAlarmeTableViewCell.swift in Sources */,
				03EA48AB20664F4D00E7ED17 /* SyntheseDAO.swift in Sources */,
				03F699DA2060463A0037904A /* isAbleToReceiveData.swift in Sources */,
				03F8E1522061CA58001FB8D5 /* EventSet.swift in Sources */,
				03FBF25E20669F9700410D75 /* DetailSyntheseTableViewCell.swift in Sources */,
				03F8E14B2061C422001FB8D5 /* MedicamentTableViewCell.swift in Sources */,
				03F8E1472061B3B2001FB8D5 /* MedicamentSet.swift in Sources */,
				03896B332068449800886232 /* SpecialiteDAO.swift in Sources */,
				03F8E1582061CB4E001FB8D5 /* CoreDataActiviteDAO.swift in Sources */,
				03F8E15A2061CB66001FB8D5 /* CoreDataRdvDAO.swift in Sources */,
				03FBF25620669A3700410D75 /* AncienSyntheseViewController.swift in Sources */,
				03F699D4206034F50037904A /* ActiviteModel.swift in Sources */,
				03F699D2206034870037904A /* RdvModel.swift in Sources */,
				03A0386B2060198800EA9BDE /* MedicamentDAO.swift in Sources */,
				03F8E1502061CA40001FB8D5 /* ActiviteSet.swift in Sources */,
			);
			runOnlyForDeploymentPostprocessing = 0;
		};
		1598F28C20468D060076BD66 /* Sources */ = {
			isa = PBXSourcesBuildPhase;
			buildActionMask = 2147483647;
			files = (
				1598F29520468D060076BD66 /* PkEtMoiTests.swift in Sources */,
			);
			runOnlyForDeploymentPostprocessing = 0;
		};
		1598F29720468D060076BD66 /* Sources */ = {
			isa = PBXSourcesBuildPhase;
			buildActionMask = 2147483647;
			files = (
				1598F2A020468D060076BD66 /* PkEtMoiUITests.swift in Sources */,
			);
			runOnlyForDeploymentPostprocessing = 0;
		};
/* End PBXSourcesBuildPhase section */

/* Begin PBXTargetDependency section */
		1598F29220468D060076BD66 /* PBXTargetDependency */ = {
			isa = PBXTargetDependency;
			target = 1598F27820468D050076BD66 /* PkEtMoi */;
			targetProxy = 1598F29120468D060076BD66 /* PBXContainerItemProxy */;
		};
		1598F29D20468D060076BD66 /* PBXTargetDependency */ = {
			isa = PBXTargetDependency;
			target = 1598F27820468D050076BD66 /* PkEtMoi */;
			targetProxy = 1598F29C20468D060076BD66 /* PBXContainerItemProxy */;
		};
/* End PBXTargetDependency section */

/* Begin PBXVariantGroup section */
		1598F28020468D050076BD66 /* Main.storyboard */ = {
			isa = PBXVariantGroup;
			children = (
				1598F28120468D050076BD66 /* Base */,
			);
			name = Main.storyboard;
			sourceTree = "<group>";
		};
		1598F28820468D050076BD66 /* LaunchScreen.storyboard */ = {
			isa = PBXVariantGroup;
			children = (
				1598F28920468D050076BD66 /* Base */,
			);
			name = LaunchScreen.storyboard;
			sourceTree = "<group>";
		};
/* End PBXVariantGroup section */

/* Begin XCBuildConfiguration section */
		1598F2A220468D060076BD66 /* Debug */ = {
			isa = XCBuildConfiguration;
			buildSettings = {
				ALWAYS_SEARCH_USER_PATHS = NO;
				CLANG_ANALYZER_NONNULL = YES;
				CLANG_ANALYZER_NUMBER_OBJECT_CONVERSION = YES_AGGRESSIVE;
				CLANG_CXX_LANGUAGE_STANDARD = "gnu++0x";
				CLANG_CXX_LIBRARY = "libc++";
				CLANG_ENABLE_MODULES = YES;
				CLANG_ENABLE_OBJC_ARC = YES;
				CLANG_WARN_BLOCK_CAPTURE_AUTORELEASING = YES;
				CLANG_WARN_BOOL_CONVERSION = YES;
				CLANG_WARN_COMMA = YES;
				CLANG_WARN_CONSTANT_CONVERSION = YES;
				CLANG_WARN_DIRECT_OBJC_ISA_USAGE = YES_ERROR;
				CLANG_WARN_DOCUMENTATION_COMMENTS = YES;
				CLANG_WARN_EMPTY_BODY = YES;
				CLANG_WARN_ENUM_CONVERSION = YES;
				CLANG_WARN_INFINITE_RECURSION = YES;
				CLANG_WARN_INT_CONVERSION = YES;
				CLANG_WARN_NON_LITERAL_NULL_CONVERSION = YES;
				CLANG_WARN_OBJC_LITERAL_CONVERSION = YES;
				CLANG_WARN_OBJC_ROOT_CLASS = YES_ERROR;
				CLANG_WARN_RANGE_LOOP_ANALYSIS = YES;
				CLANG_WARN_STRICT_PROTOTYPES = YES;
				CLANG_WARN_SUSPICIOUS_MOVE = YES;
				CLANG_WARN_UNREACHABLE_CODE = YES;
				CLANG_WARN__DUPLICATE_METHOD_MATCH = YES;
				"CODE_SIGN_IDENTITY[sdk=iphoneos*]" = "iPhone Developer";
				COPY_PHASE_STRIP = NO;
				DEBUG_INFORMATION_FORMAT = dwarf;
				ENABLE_STRICT_OBJC_MSGSEND = YES;
				ENABLE_TESTABILITY = YES;
				GCC_C_LANGUAGE_STANDARD = gnu99;
				GCC_DYNAMIC_NO_PIC = NO;
				GCC_NO_COMMON_BLOCKS = YES;
				GCC_OPTIMIZATION_LEVEL = 0;
				GCC_PREPROCESSOR_DEFINITIONS = (
					"DEBUG=1",
					"$(inherited)",
				);
				GCC_WARN_64_TO_32_BIT_CONVERSION = YES;
				GCC_WARN_ABOUT_RETURN_TYPE = YES_ERROR;
				GCC_WARN_UNDECLARED_SELECTOR = YES;
				GCC_WARN_UNINITIALIZED_AUTOS = YES_AGGRESSIVE;
				GCC_WARN_UNUSED_FUNCTION = YES;
				GCC_WARN_UNUSED_VARIABLE = YES;
				IPHONEOS_DEPLOYMENT_TARGET = 11.0;
				MTL_ENABLE_DEBUG_INFO = YES;
				ONLY_ACTIVE_ARCH = YES;
				SDKROOT = iphoneos;
				SWIFT_ACTIVE_COMPILATION_CONDITIONS = DEBUG;
				SWIFT_OPTIMIZATION_LEVEL = "-Onone";
				TARGETED_DEVICE_FAMILY = "1,2";
			};
			name = Debug;
		};
		1598F2A320468D060076BD66 /* Release */ = {
			isa = XCBuildConfiguration;
			buildSettings = {
				ALWAYS_SEARCH_USER_PATHS = NO;
				CLANG_ANALYZER_NONNULL = YES;
				CLANG_ANALYZER_NUMBER_OBJECT_CONVERSION = YES_AGGRESSIVE;
				CLANG_CXX_LANGUAGE_STANDARD = "gnu++0x";
				CLANG_CXX_LIBRARY = "libc++";
				CLANG_ENABLE_MODULES = YES;
				CLANG_ENABLE_OBJC_ARC = YES;
				CLANG_WARN_BLOCK_CAPTURE_AUTORELEASING = YES;
				CLANG_WARN_BOOL_CONVERSION = YES;
				CLANG_WARN_COMMA = YES;
				CLANG_WARN_CONSTANT_CONVERSION = YES;
				CLANG_WARN_DIRECT_OBJC_ISA_USAGE = YES_ERROR;
				CLANG_WARN_DOCUMENTATION_COMMENTS = YES;
				CLANG_WARN_EMPTY_BODY = YES;
				CLANG_WARN_ENUM_CONVERSION = YES;
				CLANG_WARN_INFINITE_RECURSION = YES;
				CLANG_WARN_INT_CONVERSION = YES;
				CLANG_WARN_NON_LITERAL_NULL_CONVERSION = YES;
				CLANG_WARN_OBJC_LITERAL_CONVERSION = YES;
				CLANG_WARN_OBJC_ROOT_CLASS = YES_ERROR;
				CLANG_WARN_RANGE_LOOP_ANALYSIS = YES;
				CLANG_WARN_STRICT_PROTOTYPES = YES;
				CLANG_WARN_SUSPICIOUS_MOVE = YES;
				CLANG_WARN_UNREACHABLE_CODE = YES;
				CLANG_WARN__DUPLICATE_METHOD_MATCH = YES;
				"CODE_SIGN_IDENTITY[sdk=iphoneos*]" = "iPhone Developer";
				COPY_PHASE_STRIP = NO;
				DEBUG_INFORMATION_FORMAT = "dwarf-with-dsym";
				ENABLE_NS_ASSERTIONS = NO;
				ENABLE_STRICT_OBJC_MSGSEND = YES;
				GCC_C_LANGUAGE_STANDARD = gnu99;
				GCC_NO_COMMON_BLOCKS = YES;
				GCC_WARN_64_TO_32_BIT_CONVERSION = YES;
				GCC_WARN_ABOUT_RETURN_TYPE = YES_ERROR;
				GCC_WARN_UNDECLARED_SELECTOR = YES;
				GCC_WARN_UNINITIALIZED_AUTOS = YES_AGGRESSIVE;
				GCC_WARN_UNUSED_FUNCTION = YES;
				GCC_WARN_UNUSED_VARIABLE = YES;
				IPHONEOS_DEPLOYMENT_TARGET = 11.0;
				MTL_ENABLE_DEBUG_INFO = NO;
				SDKROOT = iphoneos;
				SWIFT_OPTIMIZATION_LEVEL = "-Owholemodule";
				TARGETED_DEVICE_FAMILY = "1,2";
				VALIDATE_PRODUCT = YES;
			};
			name = Release;
		};
		1598F2A520468D060076BD66 /* Debug */ = {
			isa = XCBuildConfiguration;
			buildSettings = {
				ASSETCATALOG_COMPILER_APPICON_NAME = AppIcon;
				CLANG_ENABLE_MODULES = YES;
				INFOPLIST_FILE = PkEtMoi/Info.plist;
				LD_RUNPATH_SEARCH_PATHS = "$(inherited) @executable_path/Frameworks";
				PRODUCT_BUNDLE_IDENTIFIER = Polytech.PkEtMoi;
				PRODUCT_NAME = "$(TARGET_NAME)";
				SWIFT_OBJC_BRIDGING_HEADER = "PkEtMoi/PkEtMoi-Bridging-Header.h";
				SWIFT_OPTIMIZATION_LEVEL = "-Onone";
				SWIFT_SWIFT3_OBJC_INFERENCE = On;
				SWIFT_VERSION = 4.0;
			};
			name = Debug;
		};
		1598F2A620468D060076BD66 /* Release */ = {
			isa = XCBuildConfiguration;
			buildSettings = {
				ASSETCATALOG_COMPILER_APPICON_NAME = AppIcon;
				CLANG_ENABLE_MODULES = YES;
				INFOPLIST_FILE = PkEtMoi/Info.plist;
				LD_RUNPATH_SEARCH_PATHS = "$(inherited) @executable_path/Frameworks";
				PRODUCT_BUNDLE_IDENTIFIER = Polytech.PkEtMoi;
				PRODUCT_NAME = "$(TARGET_NAME)";
				SWIFT_OBJC_BRIDGING_HEADER = "PkEtMoi/PkEtMoi-Bridging-Header.h";
				SWIFT_SWIFT3_OBJC_INFERENCE = On;
				SWIFT_VERSION = 4.0;
			};
			name = Release;
		};
		1598F2A820468D060076BD66 /* Debug */ = {
			isa = XCBuildConfiguration;
			buildSettings = {
				ALWAYS_EMBED_SWIFT_STANDARD_LIBRARIES = YES;
				BUNDLE_LOADER = "$(TEST_HOST)";
				INFOPLIST_FILE = PkEtMoiTests/Info.plist;
				LD_RUNPATH_SEARCH_PATHS = "$(inherited) @executable_path/Frameworks @loader_path/Frameworks";
				PRODUCT_BUNDLE_IDENTIFIER = Polytech.PkEtMoiTests;
				PRODUCT_NAME = "$(TARGET_NAME)";
				SWIFT_SWIFT3_OBJC_INFERENCE = On;
				SWIFT_VERSION = 4.0;
				TEST_HOST = "$(BUILT_PRODUCTS_DIR)/PkEtMoi.app/PkEtMoi";
			};
			name = Debug;
		};
		1598F2A920468D060076BD66 /* Release */ = {
			isa = XCBuildConfiguration;
			buildSettings = {
				ALWAYS_EMBED_SWIFT_STANDARD_LIBRARIES = YES;
				BUNDLE_LOADER = "$(TEST_HOST)";
				INFOPLIST_FILE = PkEtMoiTests/Info.plist;
				LD_RUNPATH_SEARCH_PATHS = "$(inherited) @executable_path/Frameworks @loader_path/Frameworks";
				PRODUCT_BUNDLE_IDENTIFIER = Polytech.PkEtMoiTests;
				PRODUCT_NAME = "$(TARGET_NAME)";
				SWIFT_SWIFT3_OBJC_INFERENCE = On;
				SWIFT_VERSION = 4.0;
				TEST_HOST = "$(BUILT_PRODUCTS_DIR)/PkEtMoi.app/PkEtMoi";
			};
			name = Release;
		};
		1598F2AB20468D060076BD66 /* Debug */ = {
			isa = XCBuildConfiguration;
			buildSettings = {
				ALWAYS_EMBED_SWIFT_STANDARD_LIBRARIES = YES;
				INFOPLIST_FILE = PkEtMoiUITests/Info.plist;
				LD_RUNPATH_SEARCH_PATHS = "$(inherited) @executable_path/Frameworks @loader_path/Frameworks";
				PRODUCT_BUNDLE_IDENTIFIER = Polytech.PkEtMoiUITests;
				PRODUCT_NAME = "$(TARGET_NAME)";
				SWIFT_SWIFT3_OBJC_INFERENCE = On;
				SWIFT_VERSION = 4.0;
				TEST_TARGET_NAME = PkEtMoi;
			};
			name = Debug;
		};
		1598F2AC20468D060076BD66 /* Release */ = {
			isa = XCBuildConfiguration;
			buildSettings = {
				ALWAYS_EMBED_SWIFT_STANDARD_LIBRARIES = YES;
				INFOPLIST_FILE = PkEtMoiUITests/Info.plist;
				LD_RUNPATH_SEARCH_PATHS = "$(inherited) @executable_path/Frameworks @loader_path/Frameworks";
				PRODUCT_BUNDLE_IDENTIFIER = Polytech.PkEtMoiUITests;
				PRODUCT_NAME = "$(TARGET_NAME)";
				SWIFT_SWIFT3_OBJC_INFERENCE = On;
				SWIFT_VERSION = 4.0;
				TEST_TARGET_NAME = PkEtMoi;
			};
			name = Release;
		};
/* End XCBuildConfiguration section */

/* Begin XCConfigurationList section */
		1598F27420468D050076BD66 /* Build configuration list for PBXProject "PkEtMoi" */ = {
			isa = XCConfigurationList;
			buildConfigurations = (
				1598F2A220468D060076BD66 /* Debug */,
				1598F2A320468D060076BD66 /* Release */,
			);
			defaultConfigurationIsVisible = 0;
			defaultConfigurationName = Release;
		};
		1598F2A420468D060076BD66 /* Build configuration list for PBXNativeTarget "PkEtMoi" */ = {
			isa = XCConfigurationList;
			buildConfigurations = (
				1598F2A520468D060076BD66 /* Debug */,
				1598F2A620468D060076BD66 /* Release */,
			);
			defaultConfigurationIsVisible = 0;
			defaultConfigurationName = Release;
		};
		1598F2A720468D060076BD66 /* Build configuration list for PBXNativeTarget "PkEtMoiTests" */ = {
			isa = XCConfigurationList;
			buildConfigurations = (
				1598F2A820468D060076BD66 /* Debug */,
				1598F2A920468D060076BD66 /* Release */,
			);
			defaultConfigurationIsVisible = 0;
			defaultConfigurationName = Release;
		};
		1598F2AA20468D060076BD66 /* Build configuration list for PBXNativeTarget "PkEtMoiUITests" */ = {
			isa = XCConfigurationList;
			buildConfigurations = (
				1598F2AB20468D060076BD66 /* Debug */,
				1598F2AC20468D060076BD66 /* Release */,
			);
			defaultConfigurationIsVisible = 0;
			defaultConfigurationName = Release;
		};
/* End XCConfigurationList section */

/* Begin XCVersionGroup section */
		0386C7FA20629015006454AB /* PkEtMoi.xcdatamodeld */ = {
			isa = XCVersionGroup;
			children = (
				0386C7FB20629015006454AB /* Model.xcdatamodel */,
			);
			currentVersion = 0386C7FB20629015006454AB /* Model.xcdatamodel */;
			path = PkEtMoi.xcdatamodeld;
			sourceTree = "<group>";
			versionGroupType = wrapper.xcdatamodel;
		};
/* End XCVersionGroup section */
	};
	rootObject = 1598F27120468D050076BD66 /* Project object */;
}
