// !$*UTF8*$!
{
	archiveVersion = 1;
	classes = {
	};
	objectVersion = 46;
	objects = {

/* Begin PBXBuildFile section */
		03A0385D205FF59800EA9BDE /* ResumeViewController.swift in Sources */ = {isa = PBXBuildFile; fileRef = 03A0385C205FF59800EA9BDE /* ResumeViewController.swift */; };
		03A03861206001F900EA9BDE /* ResumeTableViewCell.swift in Sources */ = {isa = PBXBuildFile; fileRef = 03A03860206001F900EA9BDE /* ResumeTableViewCell.swift */; };
		03A038652060071D00EA9BDE /* DateHandler.swift in Sources */ = {isa = PBXBuildFile; fileRef = 03A038642060071D00EA9BDE /* DateHandler.swift */; };
		03A03867206014D300EA9BDE /* AbstractDAO.swift in Sources */ = {isa = PBXBuildFile; fileRef = 03A03866206014D300EA9BDE /* AbstractDAO.swift */; };
		03A03869206017AA00EA9BDE /* CoreDataDAO.swift in Sources */ = {isa = PBXBuildFile; fileRef = 03A03868206017AA00EA9BDE /* CoreDataDAO.swift */; };
		03A0386B2060198800EA9BDE /* MedicamentDAO.swift in Sources */ = {isa = PBXBuildFile; fileRef = 03A0386A2060198800EA9BDE /* MedicamentDAO.swift */; };
		03A0386F20601B0C00EA9BDE /* CoreDataMedicamentDAO.swift in Sources */ = {isa = PBXBuildFile; fileRef = 03A0386E20601B0C00EA9BDE /* CoreDataMedicamentDAO.swift */; };
		03F699D0206034790037904A /* MedicamentModel.swift in Sources */ = {isa = PBXBuildFile; fileRef = 03F699CF206034790037904A /* MedicamentModel.swift */; };
		03F699D2206034870037904A /* RdvModel.swift in Sources */ = {isa = PBXBuildFile; fileRef = 03F699D1206034870037904A /* RdvModel.swift */; };
		03F699D4206034F50037904A /* ActiviteModel.swift in Sources */ = {isa = PBXBuildFile; fileRef = 03F699D3206034F50037904A /* ActiviteModel.swift */; };
		03F699D62060393A0037904A /* DetailMedicamentViewController.swift in Sources */ = {isa = PBXBuildFile; fileRef = 03F699D52060393A0037904A /* DetailMedicamentViewController.swift */; };
		03F699D82060449F0037904A /* AlarmViewController.swift in Sources */ = {isa = PBXBuildFile; fileRef = 03F699D72060449F0037904A /* AlarmViewController.swift */; };
		03F699DA2060463A0037904A /* isAbleToReceiveData.swift in Sources */ = {isa = PBXBuildFile; fileRef = 03F699D92060463A0037904A /* isAbleToReceiveData.swift */; };
		03F699E020604C060037904A /* Notification.swift in Sources */ = {isa = PBXBuildFile; fileRef = 03F699DF20604C060037904A /* Notification.swift */; };
		03F699E2206054630037904A /* DetailRdvViewController.swift in Sources */ = {isa = PBXBuildFile; fileRef = 03F699E1206054630037904A /* DetailRdvViewController.swift */; };
		03F699E4206054790037904A /* DetailActiviteViewController.swift in Sources */ = {isa = PBXBuildFile; fileRef = 03F699E3206054790037904A /* DetailActiviteViewController.swift */; };
		1516873720612A7300BC451F /* DosesModel.swift in Sources */ = {isa = PBXBuildFile; fileRef = 1516873620612A7300BC451F /* DosesModel.swift */; };
		1598F27D20468D050076BD66 /* AppDelegate.swift in Sources */ = {isa = PBXBuildFile; fileRef = 1598F27C20468D050076BD66 /* AppDelegate.swift */; };
		1598F27F20468D050076BD66 /* ViewController.swift in Sources */ = {isa = PBXBuildFile; fileRef = 1598F27E20468D050076BD66 /* ViewController.swift */; };
		1598F28220468D050076BD66 /* Main.storyboard in Resources */ = {isa = PBXBuildFile; fileRef = 1598F28020468D050076BD66 /* Main.storyboard */; };
		1598F28520468D050076BD66 /* PkEtMoi.xcdatamodeld in Sources */ = {isa = PBXBuildFile; fileRef = 1598F28320468D050076BD66 /* PkEtMoi.xcdatamodeld */; };
		1598F28720468D050076BD66 /* Assets.xcassets in Resources */ = {isa = PBXBuildFile; fileRef = 1598F28620468D050076BD66 /* Assets.xcassets */; };
		1598F28A20468D050076BD66 /* LaunchScreen.storyboard in Resources */ = {isa = PBXBuildFile; fileRef = 1598F28820468D050076BD66 /* LaunchScreen.storyboard */; };
		1598F29520468D060076BD66 /* PkEtMoiTests.swift in Sources */ = {isa = PBXBuildFile; fileRef = 1598F29420468D060076BD66 /* PkEtMoiTests.swift */; };
		1598F2A020468D060076BD66 /* PkEtMoiUITests.swift in Sources */ = {isa = PBXBuildFile; fileRef = 1598F29F20468D060076BD66 /* PkEtMoiUITests.swift */; };
		38F36E5A205920D700854EB7 /* DLRadioButton.m in Sources */ = {isa = PBXBuildFile; fileRef = 38F36E59205920D700854EB7 /* DLRadioButton.m */; };
/* End PBXBuildFile section */

/* Begin PBXContainerItemProxy section */
		1598F29120468D060076BD66 /* PBXContainerItemProxy */ = {
			isa = PBXContainerItemProxy;
			containerPortal = 1598F27120468D050076BD66 /* Project object */;
			proxyType = 1;
			remoteGlobalIDString = 1598F27820468D050076BD66;
			remoteInfo = PkEtMoi;
		};
		1598F29C20468D060076BD66 /* PBXContainerItemProxy */ = {
			isa = PBXContainerItemProxy;
			containerPortal = 1598F27120468D050076BD66 /* Project object */;
			proxyType = 1;
			remoteGlobalIDString = 1598F27820468D050076BD66;
			remoteInfo = PkEtMoi;
		};
/* End PBXContainerItemProxy section */

/* Begin PBXFileReference section */
		03A0385C205FF59800EA9BDE /* ResumeViewController.swift */ = {isa = PBXFileReference; lastKnownFileType = sourcecode.swift; path = ResumeViewController.swift; sourceTree = "<group>"; };
		03A03860206001F900EA9BDE /* ResumeTableViewCell.swift */ = {isa = PBXFileReference; lastKnownFileType = sourcecode.swift; name = ResumeTableViewCell.swift; path = ../ResumeTableViewCell.swift; sourceTree = "<group>"; };
		03A038642060071D00EA9BDE /* DateHandler.swift */ = {isa = PBXFileReference; lastKnownFileType = sourcecode.swift; path = DateHandler.swift; sourceTree = "<group>"; };
		03A03866206014D300EA9BDE /* AbstractDAO.swift */ = {isa = PBXFileReference; lastKnownFileType = sourcecode.swift; path = AbstractDAO.swift; sourceTree = "<group>"; };
		03A03868206017AA00EA9BDE /* CoreDataDAO.swift */ = {isa = PBXFileReference; lastKnownFileType = sourcecode.swift; path = CoreDataDAO.swift; sourceTree = "<group>"; };
		03A0386A2060198800EA9BDE /* MedicamentDAO.swift */ = {isa = PBXFileReference; lastKnownFileType = sourcecode.swift; path = MedicamentDAO.swift; sourceTree = "<group>"; };
		03A0386E20601B0C00EA9BDE /* CoreDataMedicamentDAO.swift */ = {isa = PBXFileReference; lastKnownFileType = sourcecode.swift; path = CoreDataMedicamentDAO.swift; sourceTree = "<group>"; };
		03F699CF206034790037904A /* MedicamentModel.swift */ = {isa = PBXFileReference; lastKnownFileType = sourcecode.swift; path = MedicamentModel.swift; sourceTree = "<group>"; };
		03F699D1206034870037904A /* RdvModel.swift */ = {isa = PBXFileReference; lastKnownFileType = sourcecode.swift; path = RdvModel.swift; sourceTree = "<group>"; };
		03F699D3206034F50037904A /* ActiviteModel.swift */ = {isa = PBXFileReference; lastKnownFileType = sourcecode.swift; path = ActiviteModel.swift; sourceTree = "<group>"; };
		03F699D52060393A0037904A /* DetailMedicamentViewController.swift */ = {isa = PBXFileReference; lastKnownFileType = sourcecode.swift; path = DetailMedicamentViewController.swift; sourceTree = "<group>"; };
		03F699D72060449F0037904A /* AlarmViewController.swift */ = {isa = PBXFileReference; lastKnownFileType = sourcecode.swift; path = AlarmViewController.swift; sourceTree = "<group>"; };
		03F699D92060463A0037904A /* isAbleToReceiveData.swift */ = {isa = PBXFileReference; lastKnownFileType = sourcecode.swift; path = isAbleToReceiveData.swift; sourceTree = "<group>"; };
		03F699DF20604C060037904A /* Notification.swift */ = {isa = PBXFileReference; lastKnownFileType = sourcecode.swift; path = Notification.swift; sourceTree = "<group>"; };
		03F699E1206054630037904A /* DetailRdvViewController.swift */ = {isa = PBXFileReference; lastKnownFileType = sourcecode.swift; path = DetailRdvViewController.swift; sourceTree = "<group>"; };
		03F699E3206054790037904A /* DetailActiviteViewController.swift */ = {isa = PBXFileReference; lastKnownFileType = sourcecode.swift; path = DetailActiviteViewController.swift; sourceTree = "<group>"; };
		1516873620612A7300BC451F /* DosesModel.swift */ = {isa = PBXFileReference; fileEncoding = 4; lastKnownFileType = sourcecode.swift; path = DosesModel.swift; sourceTree = "<group>"; };
		1598F27920468D050076BD66 /* PkEtMoi.app */ = {isa = PBXFileReference; explicitFileType = wrapper.application; includeInIndex = 0; path = PkEtMoi.app; sourceTree = BUILT_PRODUCTS_DIR; };
		1598F27C20468D050076BD66 /* AppDelegate.swift */ = {isa = PBXFileReference; lastKnownFileType = sourcecode.swift; path = AppDelegate.swift; sourceTree = "<group>"; };
		1598F27E20468D050076BD66 /* ViewController.swift */ = {isa = PBXFileReference; lastKnownFileType = sourcecode.swift; path = ViewController.swift; sourceTree = "<group>"; };
		1598F28120468D050076BD66 /* Base */ = {isa = PBXFileReference; lastKnownFileType = file.storyboard; name = Base; path = Base.lproj/Main.storyboard; sourceTree = "<group>"; };
		1598F28420468D050076BD66 /* PkEtMoi.xcdatamodel */ = {isa = PBXFileReference; lastKnownFileType = wrapper.xcdatamodel; path = PkEtMoi.xcdatamodel; sourceTree = "<group>"; };
		1598F28620468D050076BD66 /* Assets.xcassets */ = {isa = PBXFileReference; lastKnownFileType = folder.assetcatalog; path = Assets.xcassets; sourceTree = "<group>"; };
		1598F28920468D050076BD66 /* Base */ = {isa = PBXFileReference; lastKnownFileType = file.storyboard; name = Base; path = Base.lproj/LaunchScreen.storyboard; sourceTree = "<group>"; };
		1598F28B20468D050076BD66 /* Info.plist */ = {isa = PBXFileReference; lastKnownFileType = text.plist.xml; path = Info.plist; sourceTree = "<group>"; };
		1598F29020468D060076BD66 /* PkEtMoiTests.xctest */ = {isa = PBXFileReference; explicitFileType = wrapper.cfbundle; includeInIndex = 0; path = PkEtMoiTests.xctest; sourceTree = BUILT_PRODUCTS_DIR; };
		1598F29420468D060076BD66 /* PkEtMoiTests.swift */ = {isa = PBXFileReference; lastKnownFileType = sourcecode.swift; path = PkEtMoiTests.swift; sourceTree = "<group>"; };
		1598F29620468D060076BD66 /* Info.plist */ = {isa = PBXFileReference; lastKnownFileType = text.plist.xml; path = Info.plist; sourceTree = "<group>"; };
		1598F29B20468D060076BD66 /* PkEtMoiUITests.xctest */ = {isa = PBXFileReference; explicitFileType = wrapper.cfbundle; includeInIndex = 0; path = PkEtMoiUITests.xctest; sourceTree = BUILT_PRODUCTS_DIR; };
		1598F29F20468D060076BD66 /* PkEtMoiUITests.swift */ = {isa = PBXFileReference; lastKnownFileType = sourcecode.swift; path = PkEtMoiUITests.swift; sourceTree = "<group>"; };
		1598F2A120468D060076BD66 /* Info.plist */ = {isa = PBXFileReference; lastKnownFileType = text.plist.xml; path = Info.plist; sourceTree = "<group>"; };
		38F36E57205920D600854EB7 /* PkEtMoi-Bridging-Header.h */ = {isa = PBXFileReference; lastKnownFileType = sourcecode.c.h; path = "PkEtMoi-Bridging-Header.h"; sourceTree = "<group>"; };
		38F36E58205920D700854EB7 /* DLRadioButton.h */ = {isa = PBXFileReference; fileEncoding = 4; lastKnownFileType = sourcecode.c.h; path = DLRadioButton.h; sourceTree = "<group>"; };
		38F36E59205920D700854EB7 /* DLRadioButton.m */ = {isa = PBXFileReference; fileEncoding = 4; lastKnownFileType = sourcecode.c.objc; path = DLRadioButton.m; sourceTree = "<group>"; };
/* End PBXFileReference section */

/* Begin PBXFrameworksBuildPhase section */
		1598F27620468D050076BD66 /* Frameworks */ = {
			isa = PBXFrameworksBuildPhase;
			buildActionMask = 2147483647;
			files = (
			);
			runOnlyForDeploymentPostprocessing = 0;
		};
		1598F28D20468D060076BD66 /* Frameworks */ = {
			isa = PBXFrameworksBuildPhase;
			buildActionMask = 2147483647;
			files = (
			);
			runOnlyForDeploymentPostprocessing = 0;
		};
		1598F29820468D060076BD66 /* Frameworks */ = {
			isa = PBXFrameworksBuildPhase;
			buildActionMask = 2147483647;
			files = (
			);
			runOnlyForDeploymentPostprocessing = 0;
		};
/* End PBXFrameworksBuildPhase section */

/* Begin PBXGroup section */
		03A0384B205FF3B900EA9BDE /* Controller */ = {
			isa = PBXGroup;
			children = (
				03A0385C205FF59800EA9BDE /* ResumeViewController.swift */,
				03F699D52060393A0037904A /* DetailMedicamentViewController.swift */,
				03F699D72060449F0037904A /* AlarmViewController.swift */,
				03F699D92060463A0037904A /* isAbleToReceiveData.swift */,
				03F699E1206054630037904A /* DetailRdvViewController.swift */,
				03F699E3206054790037904A /* DetailActiviteViewController.swift */,
			);
			path = Controller;
			sourceTree = "<group>";
		};
		03A0384C205FF3D400EA9BDE /* View */ = {
			isa = PBXGroup;
			children = (
				1598F27E20468D050076BD66 /* ViewController.swift */,
			);
			path = View;
			sourceTree = "<group>";
		};
		03A0384D205FF3DF00EA9BDE /* Model */ = {
			isa = PBXGroup;
			children = (
				03F699CF206034790037904A /* MedicamentModel.swift */,
				03F699D1206034870037904A /* RdvModel.swift */,
				03F699D3206034F50037904A /* ActiviteModel.swift */,
				03F699DF20604C060037904A /* Notification.swift */,
				1516873620612A7300BC451F /* DosesModel.swift */,
			);
			path = Model;
			sourceTree = "<group>";
		};
		03F699CB206033950037904A /* DAO */ = {
			isa = PBXGroup;
			children = (
				03F699CE206033DC0037904A /* CoreData */,
				03F699CC206033C90037904A /* AbstractDAO */,
				03A03866206014D300EA9BDE /* AbstractDAO.swift */,
			);
			path = DAO;
			sourceTree = "<group>";
		};
		03F699CC206033C90037904A /* AbstractDAO */ = {
			isa = PBXGroup;
			children = (
				03A0386A2060198800EA9BDE /* MedicamentDAO.swift */,
			);
			path = AbstractDAO;
			sourceTree = "<group>";
		};
		03F699CE206033DC0037904A /* CoreData */ = {
			isa = PBXGroup;
			children = (
				03A03868206017AA00EA9BDE /* CoreDataDAO.swift */,
				03A0386E20601B0C00EA9BDE /* CoreDataMedicamentDAO.swift */,
			);
			path = CoreData;
			sourceTree = "<group>";
		};
		1598F27020468D050076BD66 = {
			isa = PBXGroup;
			children = (
				1598F27B20468D050076BD66 /* PkEtMoi */,
				1598F29320468D060076BD66 /* PkEtMoiTests */,
				1598F29E20468D060076BD66 /* PkEtMoiUITests */,
				1598F27A20468D050076BD66 /* Products */,
			);
			sourceTree = "<group>";
		};
		1598F27A20468D050076BD66 /* Products */ = {
			isa = PBXGroup;
			children = (
				1598F27920468D050076BD66 /* PkEtMoi.app */,
				1598F29020468D060076BD66 /* PkEtMoiTests.xctest */,
				1598F29B20468D060076BD66 /* PkEtMoiUITests.xctest */,
			);
			name = Products;
			sourceTree = "<group>";
		};
		1598F27B20468D050076BD66 /* PkEtMoi */ = {
			isa = PBXGroup;
			children = (
				03F699CB206033950037904A /* DAO */,
				03A0384D205FF3DF00EA9BDE /* Model */,
				03A0384C205FF3D400EA9BDE /* View */,
				03A0384B205FF3B900EA9BDE /* Controller */,
				38F36E58205920D700854EB7 /* DLRadioButton.h */,
				03A03860206001F900EA9BDE /* ResumeTableViewCell.swift */,
				38F36E59205920D700854EB7 /* DLRadioButton.m */,
				1598F27C20468D050076BD66 /* AppDelegate.swift */,
				1598F28020468D050076BD66 /* Main.storyboard */,
				1598F28620468D050076BD66 /* Assets.xcassets */,
				1598F28820468D050076BD66 /* LaunchScreen.storyboard */,
				1598F28B20468D050076BD66 /* Info.plist */,
				1598F28320468D050076BD66 /* PkEtMoi.xcdatamodeld */,
				38F36E57205920D600854EB7 /* PkEtMoi-Bridging-Header.h */,
				03A038642060071D00EA9BDE /* DateHandler.swift */,
			);
			path = PkEtMoi;
			sourceTree = "<group>";
		};
		1598F29320468D060076BD66 /* PkEtMoiTests */ = {
			isa = PBXGroup;
			children = (
				1598F29420468D060076BD66 /* PkEtMoiTests.swift */,
				1598F29620468D060076BD66 /* Info.plist */,
			);
			path = PkEtMoiTests;
			sourceTree = "<group>";
		};
		1598F29E20468D060076BD66 /* PkEtMoiUITests */ = {
			isa = PBXGroup;
			children = (
				1598F29F20468D060076BD66 /* PkEtMoiUITests.swift */,
				1598F2A120468D060076BD66 /* Info.plist */,
			);
			path = PkEtMoiUITests;
			sourceTree = "<group>";
		};
/* End PBXGroup section */

/* Begin PBXNativeTarget section */
		1598F27820468D050076BD66 /* PkEtMoi */ = {
			isa = PBXNativeTarget;
			buildConfigurationList = 1598F2A420468D060076BD66 /* Build configuration list for PBXNativeTarget "PkEtMoi" */;
			buildPhases = (
				1598F27520468D050076BD66 /* Sources */,
				1598F27620468D050076BD66 /* Frameworks */,
				1598F27720468D050076BD66 /* Resources */,
			);
			buildRules = (
			);
			dependencies = (
			);
			name = PkEtMoi;
			productName = PkEtMoi;
			productReference = 1598F27920468D050076BD66 /* PkEtMoi.app */;
			productType = "com.apple.product-type.application";
		};
		1598F28F20468D060076BD66 /* PkEtMoiTests */ = {
			isa = PBXNativeTarget;
			buildConfigurationList = 1598F2A720468D060076BD66 /* Build configuration list for PBXNativeTarget "PkEtMoiTests" */;
			buildPhases = (
				1598F28C20468D060076BD66 /* Sources */,
				1598F28D20468D060076BD66 /* Frameworks */,
				1598F28E20468D060076BD66 /* Resources */,
			);
			buildRules = (
			);
			dependencies = (
				1598F29220468D060076BD66 /* PBXTargetDependency */,
			);
			name = PkEtMoiTests;
			productName = PkEtMoiTests;
			productReference = 1598F29020468D060076BD66 /* PkEtMoiTests.xctest */;
			productType = "com.apple.product-type.bundle.unit-test";
		};
		1598F29A20468D060076BD66 /* PkEtMoiUITests */ = {
			isa = PBXNativeTarget;
			buildConfigurationList = 1598F2AA20468D060076BD66 /* Build configuration list for PBXNativeTarget "PkEtMoiUITests" */;
			buildPhases = (
				1598F29720468D060076BD66 /* Sources */,
				1598F29820468D060076BD66 /* Frameworks */,
				1598F29920468D060076BD66 /* Resources */,
			);
			buildRules = (
			);
			dependencies = (
				1598F29D20468D060076BD66 /* PBXTargetDependency */,
			);
			name = PkEtMoiUITests;
			productName = PkEtMoiUITests;
			productReference = 1598F29B20468D060076BD66 /* PkEtMoiUITests.xctest */;
			productType = "com.apple.product-type.bundle.ui-testing";
		};
/* End PBXNativeTarget section */

/* Begin PBXProject section */
		1598F27120468D050076BD66 /* Project object */ = {
			isa = PBXProject;
			attributes = {
				LastSwiftUpdateCheck = 0830;
				LastUpgradeCheck = 0830;
				ORGANIZATIONNAME = "Kevin GIORDANI";
				TargetAttributes = {
					1598F27820468D050076BD66 = {
						CreatedOnToolsVersion = 8.3.3;
						LastSwiftMigration = 0830;
						ProvisioningStyle = Automatic;
					};
					1598F28F20468D060076BD66 = {
						CreatedOnToolsVersion = 8.3.3;
						ProvisioningStyle = Automatic;
						TestTargetID = 1598F27820468D050076BD66;
					};
					1598F29A20468D060076BD66 = {
						CreatedOnToolsVersion = 8.3.3;
						ProvisioningStyle = Automatic;
						TestTargetID = 1598F27820468D050076BD66;
					};
				};
			};
			buildConfigurationList = 1598F27420468D050076BD66 /* Build configuration list for PBXProject "PkEtMoi" */;
			compatibilityVersion = "Xcode 3.2";
			developmentRegion = English;
			hasScannedForEncodings = 0;
			knownRegions = (
				en,
				Base,
			);
			mainGroup = 1598F27020468D050076BD66;
			productRefGroup = 1598F27A20468D050076BD66 /* Products */;
			projectDirPath = "";
			projectRoot = "";
			targets = (
				1598F27820468D050076BD66 /* PkEtMoi */,
				1598F28F20468D060076BD66 /* PkEtMoiTests */,
				1598F29A20468D060076BD66 /* PkEtMoiUITests */,
			);
		};
/* End PBXProject section */

/* Begin PBXResourcesBuildPhase section */
		1598F27720468D050076BD66 /* Resources */ = {
			isa = PBXResourcesBuildPhase;
			buildActionMask = 2147483647;
			files = (
				1598F28A20468D050076BD66 /* LaunchScreen.storyboard in Resources */,
				1598F28720468D050076BD66 /* Assets.xcassets in Resources */,
				1598F28220468D050076BD66 /* Main.storyboard in Resources */,
			);
			runOnlyForDeploymentPostprocessing = 0;
		};
		1598F28E20468D060076BD66 /* Resources */ = {
			isa = PBXResourcesBuildPhase;
			buildActionMask = 2147483647;
			files = (
			);
			runOnlyForDeploymentPostprocessing = 0;
		};
		1598F29920468D060076BD66 /* Resources */ = {
			isa = PBXResourcesBuildPhase;
			buildActionMask = 2147483647;
			files = (
			);
			runOnlyForDeploymentPostprocessing = 0;
		};
/* End PBXResourcesBuildPhase section */

/* Begin PBXSourcesBuildPhase section */
		1598F27520468D050076BD66 /* Sources */ = {
			isa = PBXSourcesBuildPhase;
			buildActionMask = 2147483647;
			files = (
				1598F27F20468D050076BD66 /* ViewController.swift in Sources */,
				03F699D82060449F0037904A /* AlarmViewController.swift in Sources */,
				38F36E5A205920D700854EB7 /* DLRadioButton.m in Sources */,
				03F699D0206034790037904A /* MedicamentModel.swift in Sources */,
				03A03861206001F900EA9BDE /* ResumeTableViewCell.swift in Sources */,
				03A0385D205FF59800EA9BDE /* ResumeViewController.swift in Sources */,
				03A03867206014D300EA9BDE /* AbstractDAO.swift in Sources */,
				03A0386F20601B0C00EA9BDE /* CoreDataMedicamentDAO.swift in Sources */,
				03F699E4206054790037904A /* DetailActiviteViewController.swift in Sources */,
				03F699D62060393A0037904A /* DetailMedicamentViewController.swift in Sources */,
				03A03869206017AA00EA9BDE /* CoreDataDAO.swift in Sources */,
				1516873720612A7300BC451F /* DosesModel.swift in Sources */,
				03F699E2206054630037904A /* DetailRdvViewController.swift in Sources */,
				03A038652060071D00EA9BDE /* DateHandler.swift in Sources */,
				03F699E020604C060037904A /* Notification.swift in Sources */,
				1598F27D20468D050076BD66 /* AppDelegate.swift in Sources */,
				03F699DA2060463A0037904A /* isAbleToReceiveData.swift in Sources */,
				03F699D4206034F50037904A /* ActiviteModel.swift in Sources */,
				1598F28520468D050076BD66 /* PkEtMoi.xcdatamodeld in Sources */,
				03F699D2206034870037904A /* RdvModel.swift in Sources */,
				03A0386B2060198800EA9BDE /* MedicamentDAO.swift in Sources */,
			);
			runOnlyForDeploymentPostprocessing = 0;
		};
		1598F28C20468D060076BD66 /* Sources */ = {
			isa = PBXSourcesBuildPhase;
			buildActionMask = 2147483647;
			files = (
				1598F29520468D060076BD66 /* PkEtMoiTests.swift in Sources */,
			);
			runOnlyForDeploymentPostprocessing = 0;
		};
		1598F29720468D060076BD66 /* Sources */ = {
			isa = PBXSourcesBuildPhase;
			buildActionMask = 2147483647;
			files = (
				1598F2A020468D060076BD66 /* PkEtMoiUITests.swift in Sources */,
			);
			runOnlyForDeploymentPostprocessing = 0;
		};
/* End PBXSourcesBuildPhase section */

/* Begin PBXTargetDependency section */
		1598F29220468D060076BD66 /* PBXTargetDependency */ = {
			isa = PBXTargetDependency;
			target = 1598F27820468D050076BD66 /* PkEtMoi */;
			targetProxy = 1598F29120468D060076BD66 /* PBXContainerItemProxy */;
		};
		1598F29D20468D060076BD66 /* PBXTargetDependency */ = {
			isa = PBXTargetDependency;
			target = 1598F27820468D050076BD66 /* PkEtMoi */;
			targetProxy = 1598F29C20468D060076BD66 /* PBXContainerItemProxy */;
		};
/* End PBXTargetDependency section */

/* Begin PBXVariantGroup section */
		1598F28020468D050076BD66 /* Main.storyboard */ = {
			isa = PBXVariantGroup;
			children = (
				1598F28120468D050076BD66 /* Base */,
			);
			name = Main.storyboard;
			sourceTree = "<group>";
		};
		1598F28820468D050076BD66 /* LaunchScreen.storyboard */ = {
			isa = PBXVariantGroup;
			children = (
				1598F28920468D050076BD66 /* Base */,
			);
			name = LaunchScreen.storyboard;
			sourceTree = "<group>";
		};
/* End PBXVariantGroup section */

/* Begin XCBuildConfiguration section */
		1598F2A220468D060076BD66 /* Debug */ = {
			isa = XCBuildConfiguration;
			buildSettings = {
				ALWAYS_SEARCH_USER_PATHS = NO;
				CLANG_ANALYZER_NONNULL = YES;
				CLANG_ANALYZER_NUMBER_OBJECT_CONVERSION = YES_AGGRESSIVE;
				CLANG_CXX_LANGUAGE_STANDARD = "gnu++0x";
				CLANG_CXX_LIBRARY = "libc++";
				CLANG_ENABLE_MODULES = YES;
				CLANG_ENABLE_OBJC_ARC = YES;
				CLANG_WARN_BOOL_CONVERSION = YES;
				CLANG_WARN_CONSTANT_CONVERSION = YES;
				CLANG_WARN_DIRECT_OBJC_ISA_USAGE = YES_ERROR;
				CLANG_WARN_DOCUMENTATION_COMMENTS = YES;
				CLANG_WARN_EMPTY_BODY = YES;
				CLANG_WARN_ENUM_CONVERSION = YES;
				CLANG_WARN_INFINITE_RECURSION = YES;
				CLANG_WARN_INT_CONVERSION = YES;
				CLANG_WARN_OBJC_ROOT_CLASS = YES_ERROR;
				CLANG_WARN_SUSPICIOUS_MOVE = YES;
				CLANG_WARN_UNREACHABLE_CODE = YES;
				CLANG_WARN__DUPLICATE_METHOD_MATCH = YES;
				"CODE_SIGN_IDENTITY[sdk=iphoneos*]" = "iPhone Developer";
				COPY_PHASE_STRIP = NO;
				DEBUG_INFORMATION_FORMAT = dwarf;
				ENABLE_STRICT_OBJC_MSGSEND = YES;
				ENABLE_TESTABILITY = YES;
				GCC_C_LANGUAGE_STANDARD = gnu99;
				GCC_DYNAMIC_NO_PIC = NO;
				GCC_NO_COMMON_BLOCKS = YES;
				GCC_OPTIMIZATION_LEVEL = 0;
				GCC_PREPROCESSOR_DEFINITIONS = (
					"DEBUG=1",
					"$(inherited)",
				);
				GCC_WARN_64_TO_32_BIT_CONVERSION = YES;
				GCC_WARN_ABOUT_RETURN_TYPE = YES_ERROR;
				GCC_WARN_UNDECLARED_SELECTOR = YES;
				GCC_WARN_UNINITIALIZED_AUTOS = YES_AGGRESSIVE;
				GCC_WARN_UNUSED_FUNCTION = YES;
				GCC_WARN_UNUSED_VARIABLE = YES;
				IPHONEOS_DEPLOYMENT_TARGET = 10.3;
				MTL_ENABLE_DEBUG_INFO = YES;
				ONLY_ACTIVE_ARCH = YES;
				SDKROOT = iphoneos;
				SWIFT_ACTIVE_COMPILATION_CONDITIONS = DEBUG;
				SWIFT_OPTIMIZATION_LEVEL = "-Onone";
				TARGETED_DEVICE_FAMILY = "1,2";
			};
			name = Debug;
		};
		1598F2A320468D060076BD66 /* Release */ = {
			isa = XCBuildConfiguration;
			buildSettings = {
				ALWAYS_SEARCH_USER_PATHS = NO;
				CLANG_ANALYZER_NONNULL = YES;
				CLANG_ANALYZER_NUMBER_OBJECT_CONVERSION = YES_AGGRESSIVE;
				CLANG_CXX_LANGUAGE_STANDARD = "gnu++0x";
				CLANG_CXX_LIBRARY = "libc++";
				CLANG_ENABLE_MODULES = YES;
				CLANG_ENABLE_OBJC_ARC = YES;
				CLANG_WARN_BOOL_CONVERSION = YES;
				CLANG_WARN_CONSTANT_CONVERSION = YES;
				CLANG_WARN_DIRECT_OBJC_ISA_USAGE = YES_ERROR;
				CLANG_WARN_DOCUMENTATION_COMMENTS = YES;
				CLANG_WARN_EMPTY_BODY = YES;
				CLANG_WARN_ENUM_CONVERSION = YES;
				CLANG_WARN_INFINITE_RECURSION = YES;
				CLANG_WARN_INT_CONVERSION = YES;
				CLANG_WARN_OBJC_ROOT_CLASS = YES_ERROR;
				CLANG_WARN_SUSPICIOUS_MOVE = YES;
				CLANG_WARN_UNREACHABLE_CODE = YES;
				CLANG_WARN__DUPLICATE_METHOD_MATCH = YES;
				"CODE_SIGN_IDENTITY[sdk=iphoneos*]" = "iPhone Developer";
				COPY_PHASE_STRIP = NO;
				DEBUG_INFORMATION_FORMAT = "dwarf-with-dsym";
				ENABLE_NS_ASSERTIONS = NO;
				ENABLE_STRICT_OBJC_MSGSEND = YES;
				GCC_C_LANGUAGE_STANDARD = gnu99;
				GCC_NO_COMMON_BLOCKS = YES;
				GCC_WARN_64_TO_32_BIT_CONVERSION = YES;
				GCC_WARN_ABOUT_RETURN_TYPE = YES_ERROR;
				GCC_WARN_UNDECLARED_SELECTOR = YES;
				GCC_WARN_UNINITIALIZED_AUTOS = YES_AGGRESSIVE;
				GCC_WARN_UNUSED_FUNCTION = YES;
				GCC_WARN_UNUSED_VARIABLE = YES;
				IPHONEOS_DEPLOYMENT_TARGET = 10.3;
				MTL_ENABLE_DEBUG_INFO = NO;
				SDKROOT = iphoneos;
				SWIFT_OPTIMIZATION_LEVEL = "-Owholemodule";
				TARGETED_DEVICE_FAMILY = "1,2";
				VALIDATE_PRODUCT = YES;
			};
			name = Release;
		};
		1598F2A520468D060076BD66 /* Debug */ = {
			isa = XCBuildConfiguration;
			buildSettings = {
				ASSETCATALOG_COMPILER_APPICON_NAME = AppIcon;
				CLANG_ENABLE_MODULES = YES;
				INFOPLIST_FILE = PkEtMoi/Info.plist;
				LD_RUNPATH_SEARCH_PATHS = "$(inherited) @executable_path/Frameworks";
				PRODUCT_BUNDLE_IDENTIFIER = Polytech.PkEtMoi;
				PRODUCT_NAME = "$(TARGET_NAME)";
				SWIFT_OBJC_BRIDGING_HEADER = "PkEtMoi/PkEtMoi-Bridging-Header.h";
				SWIFT_OPTIMIZATION_LEVEL = "-Onone";
				SWIFT_VERSION = 3.0;
			};
			name = Debug;
		};
		1598F2A620468D060076BD66 /* Release */ = {
			isa = XCBuildConfiguration;
			buildSettings = {
				ASSETCATALOG_COMPILER_APPICON_NAME = AppIcon;
				CLANG_ENABLE_MODULES = YES;
				INFOPLIST_FILE = PkEtMoi/Info.plist;
				LD_RUNPATH_SEARCH_PATHS = "$(inherited) @executable_path/Frameworks";
				PRODUCT_BUNDLE_IDENTIFIER = Polytech.PkEtMoi;
				PRODUCT_NAME = "$(TARGET_NAME)";
				SWIFT_OBJC_BRIDGING_HEADER = "PkEtMoi/PkEtMoi-Bridging-Header.h";
				SWIFT_VERSION = 3.0;
			};
			name = Release;
		};
		1598F2A820468D060076BD66 /* Debug */ = {
			isa = XCBuildConfiguration;
			buildSettings = {
				ALWAYS_EMBED_SWIFT_STANDARD_LIBRARIES = YES;
				BUNDLE_LOADER = "$(TEST_HOST)";
				INFOPLIST_FILE = PkEtMoiTests/Info.plist;
				LD_RUNPATH_SEARCH_PATHS = "$(inherited) @executable_path/Frameworks @loader_path/Frameworks";
				PRODUCT_BUNDLE_IDENTIFIER = Polytech.PkEtMoiTests;
				PRODUCT_NAME = "$(TARGET_NAME)";
				SWIFT_VERSION = 3.0;
				TEST_HOST = "$(BUILT_PRODUCTS_DIR)/PkEtMoi.app/PkEtMoi";
			};
			name = Debug;
		};
		1598F2A920468D060076BD66 /* Release */ = {
			isa = XCBuildConfiguration;
			buildSettings = {
				ALWAYS_EMBED_SWIFT_STANDARD_LIBRARIES = YES;
				BUNDLE_LOADER = "$(TEST_HOST)";
				INFOPLIST_FILE = PkEtMoiTests/Info.plist;
				LD_RUNPATH_SEARCH_PATHS = "$(inherited) @executable_path/Frameworks @loader_path/Frameworks";
				PRODUCT_BUNDLE_IDENTIFIER = Polytech.PkEtMoiTests;
				PRODUCT_NAME = "$(TARGET_NAME)";
				SWIFT_VERSION = 3.0;
				TEST_HOST = "$(BUILT_PRODUCTS_DIR)/PkEtMoi.app/PkEtMoi";
			};
			name = Release;
		};
		1598F2AB20468D060076BD66 /* Debug */ = {
			isa = XCBuildConfiguration;
			buildSettings = {
				ALWAYS_EMBED_SWIFT_STANDARD_LIBRARIES = YES;
				INFOPLIST_FILE = PkEtMoiUITests/Info.plist;
				LD_RUNPATH_SEARCH_PATHS = "$(inherited) @executable_path/Frameworks @loader_path/Frameworks";
				PRODUCT_BUNDLE_IDENTIFIER = Polytech.PkEtMoiUITests;
				PRODUCT_NAME = "$(TARGET_NAME)";
				SWIFT_VERSION = 3.0;
				TEST_TARGET_NAME = PkEtMoi;
			};
			name = Debug;
		};
		1598F2AC20468D060076BD66 /* Release */ = {
			isa = XCBuildConfiguration;
			buildSettings = {
				ALWAYS_EMBED_SWIFT_STANDARD_LIBRARIES = YES;
				INFOPLIST_FILE = PkEtMoiUITests/Info.plist;
				LD_RUNPATH_SEARCH_PATHS = "$(inherited) @executable_path/Frameworks @loader_path/Frameworks";
				PRODUCT_BUNDLE_IDENTIFIER = Polytech.PkEtMoiUITests;
				PRODUCT_NAME = "$(TARGET_NAME)";
				SWIFT_VERSION = 3.0;
				TEST_TARGET_NAME = PkEtMoi;
			};
			name = Release;
		};
/* End XCBuildConfiguration section */

/* Begin XCConfigurationList section */
		1598F27420468D050076BD66 /* Build configuration list for PBXProject "PkEtMoi" */ = {
			isa = XCConfigurationList;
			buildConfigurations = (
				1598F2A220468D060076BD66 /* Debug */,
				1598F2A320468D060076BD66 /* Release */,
			);
			defaultConfigurationIsVisible = 0;
			defaultConfigurationName = Release;
		};
		1598F2A420468D060076BD66 /* Build configuration list for PBXNativeTarget "PkEtMoi" */ = {
			isa = XCConfigurationList;
			buildConfigurations = (
				1598F2A520468D060076BD66 /* Debug */,
				1598F2A620468D060076BD66 /* Release */,
			);
			defaultConfigurationIsVisible = 0;
			defaultConfigurationName = Release;
		};
		1598F2A720468D060076BD66 /* Build configuration list for PBXNativeTarget "PkEtMoiTests" */ = {
			isa = XCConfigurationList;
			buildConfigurations = (
				1598F2A820468D060076BD66 /* Debug */,
				1598F2A920468D060076BD66 /* Release */,
			);
			defaultConfigurationIsVisible = 0;
			defaultConfigurationName = Release;
		};
		1598F2AA20468D060076BD66 /* Build configuration list for PBXNativeTarget "PkEtMoiUITests" */ = {
			isa = XCConfigurationList;
			buildConfigurations = (
				1598F2AB20468D060076BD66 /* Debug */,
				1598F2AC20468D060076BD66 /* Release */,
			);
			defaultConfigurationIsVisible = 0;
			defaultConfigurationName = Release;
		};
/* End XCConfigurationList section */

/* Begin XCVersionGroup section */
		1598F28320468D050076BD66 /* PkEtMoi.xcdatamodeld */ = {
			isa = XCVersionGroup;
			children = (
				1598F28420468D050076BD66 /* PkEtMoi.xcdatamodel */,
			);
			currentVersion = 1598F28420468D050076BD66 /* PkEtMoi.xcdatamodel */;
			path = PkEtMoi.xcdatamodeld;
			sourceTree = "<group>";
			versionGroupType = wrapper.xcdatamodel;
		};
/* End XCVersionGroup section */
	};
	rootObject = 1598F27120468D050076BD66 /* Project object */;
}
